
Microsoft Visual Studio Solution File, Format Version 12.00
# Visual Studio 15
VisualStudioVersion = 15.0.27130.2010
MinimumVisualStudioVersion = 10.0.40219.1
Project("{FAE04EC0-301F-11D3-BF4B-00C04F79EFBC}") = "Reflection", "Reflection\Reflection.csproj", "{80CD9772-8724-40D4-AC68-4148FBE05E82}"
EndProject
Project("{2150E333-8FDC-42A3-9474-1A3956D46DE8}") = "Part1_Framework", "Part1_Framework", "{AAC7BE50-98B2-42C9-BA48-6E6E7CBED5BF}"
EndProject
Project("{FAE04EC0-301F-11D3-BF4B-00C04F79EFBC}") = "ApplicationArchitecture", "ApplicationArchitecture\ApplicationArchitecture.csproj", "{79C1349A-1EAF-467F-9290-DA7FAD5E49E5}"
EndProject
Project("{FAE04EC0-301F-11D3-BF4B-00C04F79EFBC}") = "ReflectionUnitTest", "ReflectionUnitTest\ReflectionUnitTest.csproj", "{CDA41113-3731-4ABC-B2CC-1CD5736DE6DF}"
EndProject
Project("{FAE04EC0-301F-11D3-BF4B-00C04F79EFBC}") = "AppResources", "AppResources\AppResources.csproj", "{8BA5C9B2-71C5-4F4A-A368-DEC60202C544}"
EndProject
Project("{2150E333-8FDC-42A3-9474-1A3956D46DE8}") = "AsynchronousBehavior", "AsynchronousBehavior", "{62BCD9A0-7184-4BE1-B417-A6BFB2ADFAED}"
EndProject
Project("{FAE04EC0-301F-11D3-BF4B-00C04F79EFBC}") = "ConcurrentProgramming", "ConcurrentProgramming\ConcurrentProgramming.csproj", "{3DD9ED95-DCE2-4B63-9CBE-1E158ED8B785}"
EndProject
Project("{FAE04EC0-301F-11D3-BF4B-00C04F79EFBC}") = "ConcurrentProgrammingUnitTest", "ConcurrentProgrammingUnitTest\ConcurrentProgrammingUnitTest.csproj", "{0CA22DC8-E8B9-4708-A735-3AB44340F4A6}"
EndProject
Project("{F088123C-0E9E-452A-89E6-6BA2F21D5CAC}") = "ApplicationArchitectureDependency", "ApplicationArchitectureDependency\ApplicationArchitectureDependency.modelproj", "{8765CB3F-5DA1-409E-AF8D-1D135E610971}"
EndProject
Project("{2150E333-8FDC-42A3-9474-1A3956D46DE8}") = "Part3_Logging", "Part3_Logging", "{E2CFE8B5-4FDD-4F45-8A7A-64C508E08E86}"
EndProject
Project("{2150E333-8FDC-42A3-9474-1A3956D46DE8}") = "Part2_Composition", "Part2_Composition", "{5304DF32-EA92-4D21-BD39-4389AB7A43DB}"
EndProject
Project("{2150E333-8FDC-42A3-9474-1A3956D46DE8}") = "Part4_DataBase", "Part4_DataBase", "{C7DE8A05-6D49-4820-ABF3-9FC892A44A72}"
EndProject
Project("{2150E333-8FDC-42A3-9474-1A3956D46DE8}") = "Part4_Configuration", "Part4_Configuration", "{25BD5BA3-C65F-454A-B86A-6E1DA9373948}"
EndProject
Project("{FAE04EC0-301F-11D3-BF4B-00C04F79EFBC}") = "Composition", "Composition\Composition.csproj", "{8E42046A-D9AE-41BD-8054-0D8F1BFBA94D}"
EndProject
Project("{FAE04EC0-301F-11D3-BF4B-00C04F79EFBC}") = "Composition.UnitTest", "Composition.UnitTest\Composition.UnitTest.csproj", "{0D4B1178-8F35-427B-9906-4940EFA0B2C8}"
EndProject
Project("{FAE04EC0-301F-11D3-BF4B-00C04F79EFBC}") = "Logging.UnitTest", "Logging.UnitTest\Logging.UnitTest.csproj", "{6E6E3965-135D-4F8A-8145-5AD76967F662}"
EndProject
Project("{FAE04EC0-301F-11D3-BF4B-00C04F79EFBC}") = "Logging.Consumer", "Logging.Consumer\Logging.Consumer.csproj", "{E61DE808-842B-4521-AEEE-A417AC8519F5}"
EndProject
Project("{FAE04EC0-301F-11D3-BF4B-00C04F79EFBC}") = "Configuration", "TPA.Configuration\Configuration.csproj", "{92D7CAF1-9ABA-4314-9F63-9251CC91E14D}"
EndProject
Project("{FAE04EC0-301F-11D3-BF4B-00C04F79EFBC}") = "ConfigurationUnitTest", "TPA.ConfigurationUnitTest\ConfigurationUnitTest.csproj", "{D5359A29-F03F-4F60-AA5A-FDDDE8019C8D}"
EndProject
Project("{2150E333-8FDC-42A3-9474-1A3956D46DE8}") = "_Solution Items", "_Solution Items", "{4A24CFE4-2806-4081-B00A-9B56E940CDBE}"
	ProjectSection(SolutionItems) = preProject
		..\README.md = ..\README.md
	EndProjectSection
EndProject
Project("{FAE04EC0-301F-11D3-BF4B-00C04F79EFBC}") = "Common", "..\Common\Common\Common.csproj", "{E7CB1D42-CECB-4E2A-BC20-D8FA655B2F11}"
EndProject
Global
	GlobalSection(SolutionConfigurationPlatforms) = preSolution
		Ad-Hoc|Any CPU = Ad-Hoc|Any CPU
		Ad-Hoc|iPhone = Ad-Hoc|iPhone
		Ad-Hoc|iPhoneSimulator = Ad-Hoc|iPhoneSimulator
		AppStore|Any CPU = AppStore|Any CPU
		AppStore|iPhone = AppStore|iPhone
		AppStore|iPhoneSimulator = AppStore|iPhoneSimulator
		Debug|Any CPU = Debug|Any CPU
		Debug|iPhone = Debug|iPhone
		Debug|iPhoneSimulator = Debug|iPhoneSimulator
		Release|Any CPU = Release|Any CPU
		Release|iPhone = Release|iPhone
		Release|iPhoneSimulator = Release|iPhoneSimulator
	EndGlobalSection
	GlobalSection(ProjectConfigurationPlatforms) = postSolution
		{80CD9772-8724-40D4-AC68-4148FBE05E82}.Ad-Hoc|Any CPU.ActiveCfg = Release|Any CPU
		{80CD9772-8724-40D4-AC68-4148FBE05E82}.Ad-Hoc|Any CPU.Build.0 = Release|Any CPU
		{80CD9772-8724-40D4-AC68-4148FBE05E82}.Ad-Hoc|iPhone.ActiveCfg = Release|Any CPU
		{80CD9772-8724-40D4-AC68-4148FBE05E82}.Ad-Hoc|iPhone.Build.0 = Release|Any CPU
		{80CD9772-8724-40D4-AC68-4148FBE05E82}.Ad-Hoc|iPhoneSimulator.ActiveCfg = Release|Any CPU
		{80CD9772-8724-40D4-AC68-4148FBE05E82}.Ad-Hoc|iPhoneSimulator.Build.0 = Release|Any CPU
		{80CD9772-8724-40D4-AC68-4148FBE05E82}.AppStore|Any CPU.ActiveCfg = Release|Any CPU
		{80CD9772-8724-40D4-AC68-4148FBE05E82}.AppStore|Any CPU.Build.0 = Release|Any CPU
		{80CD9772-8724-40D4-AC68-4148FBE05E82}.AppStore|iPhone.ActiveCfg = Release|Any CPU
		{80CD9772-8724-40D4-AC68-4148FBE05E82}.AppStore|iPhone.Build.0 = Release|Any CPU
		{80CD9772-8724-40D4-AC68-4148FBE05E82}.AppStore|iPhoneSimulator.ActiveCfg = Release|Any CPU
		{80CD9772-8724-40D4-AC68-4148FBE05E82}.AppStore|iPhoneSimulator.Build.0 = Release|Any CPU
		{80CD9772-8724-40D4-AC68-4148FBE05E82}.Debug|Any CPU.ActiveCfg = Debug|Any CPU
		{80CD9772-8724-40D4-AC68-4148FBE05E82}.Debug|Any CPU.Build.0 = Debug|Any CPU
		{80CD9772-8724-40D4-AC68-4148FBE05E82}.Debug|iPhone.ActiveCfg = Debug|Any CPU
		{80CD9772-8724-40D4-AC68-4148FBE05E82}.Debug|iPhone.Build.0 = Debug|Any CPU
		{80CD9772-8724-40D4-AC68-4148FBE05E82}.Debug|iPhoneSimulator.ActiveCfg = Debug|Any CPU
		{80CD9772-8724-40D4-AC68-4148FBE05E82}.Debug|iPhoneSimulator.Build.0 = Debug|Any CPU
		{80CD9772-8724-40D4-AC68-4148FBE05E82}.Release|Any CPU.ActiveCfg = Release|Any CPU
		{80CD9772-8724-40D4-AC68-4148FBE05E82}.Release|Any CPU.Build.0 = Release|Any CPU
		{80CD9772-8724-40D4-AC68-4148FBE05E82}.Release|iPhone.ActiveCfg = Release|Any CPU
		{80CD9772-8724-40D4-AC68-4148FBE05E82}.Release|iPhone.Build.0 = Release|Any CPU
		{80CD9772-8724-40D4-AC68-4148FBE05E82}.Release|iPhoneSimulator.ActiveCfg = Release|Any CPU
		{80CD9772-8724-40D4-AC68-4148FBE05E82}.Release|iPhoneSimulator.Build.0 = Release|Any CPU
		{79C1349A-1EAF-467F-9290-DA7FAD5E49E5}.Ad-Hoc|Any CPU.ActiveCfg = Release|Any CPU
		{79C1349A-1EAF-467F-9290-DA7FAD5E49E5}.Ad-Hoc|Any CPU.Build.0 = Release|Any CPU
		{79C1349A-1EAF-467F-9290-DA7FAD5E49E5}.Ad-Hoc|iPhone.ActiveCfg = Release|Any CPU
		{79C1349A-1EAF-467F-9290-DA7FAD5E49E5}.Ad-Hoc|iPhone.Build.0 = Release|Any CPU
		{79C1349A-1EAF-467F-9290-DA7FAD5E49E5}.Ad-Hoc|iPhoneSimulator.ActiveCfg = Release|Any CPU
		{79C1349A-1EAF-467F-9290-DA7FAD5E49E5}.Ad-Hoc|iPhoneSimulator.Build.0 = Release|Any CPU
		{79C1349A-1EAF-467F-9290-DA7FAD5E49E5}.AppStore|Any CPU.ActiveCfg = Release|Any CPU
		{79C1349A-1EAF-467F-9290-DA7FAD5E49E5}.AppStore|Any CPU.Build.0 = Release|Any CPU
		{79C1349A-1EAF-467F-9290-DA7FAD5E49E5}.AppStore|iPhone.ActiveCfg = Release|Any CPU
		{79C1349A-1EAF-467F-9290-DA7FAD5E49E5}.AppStore|iPhone.Build.0 = Release|Any CPU
		{79C1349A-1EAF-467F-9290-DA7FAD5E49E5}.AppStore|iPhoneSimulator.ActiveCfg = Release|Any CPU
		{79C1349A-1EAF-467F-9290-DA7FAD5E49E5}.AppStore|iPhoneSimulator.Build.0 = Release|Any CPU
		{79C1349A-1EAF-467F-9290-DA7FAD5E49E5}.Debug|Any CPU.ActiveCfg = Debug|Any CPU
		{79C1349A-1EAF-467F-9290-DA7FAD5E49E5}.Debug|Any CPU.Build.0 = Debug|Any CPU
		{79C1349A-1EAF-467F-9290-DA7FAD5E49E5}.Debug|iPhone.ActiveCfg = Debug|Any CPU
		{79C1349A-1EAF-467F-9290-DA7FAD5E49E5}.Debug|iPhone.Build.0 = Debug|Any CPU
		{79C1349A-1EAF-467F-9290-DA7FAD5E49E5}.Debug|iPhoneSimulator.ActiveCfg = Debug|Any CPU
		{79C1349A-1EAF-467F-9290-DA7FAD5E49E5}.Debug|iPhoneSimulator.Build.0 = Debug|Any CPU
		{79C1349A-1EAF-467F-9290-DA7FAD5E49E5}.Release|Any CPU.ActiveCfg = Release|Any CPU
		{79C1349A-1EAF-467F-9290-DA7FAD5E49E5}.Release|Any CPU.Build.0 = Release|Any CPU
		{79C1349A-1EAF-467F-9290-DA7FAD5E49E5}.Release|iPhone.ActiveCfg = Release|Any CPU
		{79C1349A-1EAF-467F-9290-DA7FAD5E49E5}.Release|iPhone.Build.0 = Release|Any CPU
		{79C1349A-1EAF-467F-9290-DA7FAD5E49E5}.Release|iPhoneSimulator.ActiveCfg = Release|Any CPU
		{79C1349A-1EAF-467F-9290-DA7FAD5E49E5}.Release|iPhoneSimulator.Build.0 = Release|Any CPU
		{CDA41113-3731-4ABC-B2CC-1CD5736DE6DF}.Ad-Hoc|Any CPU.ActiveCfg = Release|Any CPU
		{CDA41113-3731-4ABC-B2CC-1CD5736DE6DF}.Ad-Hoc|Any CPU.Build.0 = Release|Any CPU
		{CDA41113-3731-4ABC-B2CC-1CD5736DE6DF}.Ad-Hoc|iPhone.ActiveCfg = Release|Any CPU
		{CDA41113-3731-4ABC-B2CC-1CD5736DE6DF}.Ad-Hoc|iPhone.Build.0 = Release|Any CPU
		{CDA41113-3731-4ABC-B2CC-1CD5736DE6DF}.Ad-Hoc|iPhoneSimulator.ActiveCfg = Release|Any CPU
		{CDA41113-3731-4ABC-B2CC-1CD5736DE6DF}.Ad-Hoc|iPhoneSimulator.Build.0 = Release|Any CPU
		{CDA41113-3731-4ABC-B2CC-1CD5736DE6DF}.AppStore|Any CPU.ActiveCfg = Release|Any CPU
		{CDA41113-3731-4ABC-B2CC-1CD5736DE6DF}.AppStore|Any CPU.Build.0 = Release|Any CPU
		{CDA41113-3731-4ABC-B2CC-1CD5736DE6DF}.AppStore|iPhone.ActiveCfg = Release|Any CPU
		{CDA41113-3731-4ABC-B2CC-1CD5736DE6DF}.AppStore|iPhone.Build.0 = Release|Any CPU
		{CDA41113-3731-4ABC-B2CC-1CD5736DE6DF}.AppStore|iPhoneSimulator.ActiveCfg = Release|Any CPU
		{CDA41113-3731-4ABC-B2CC-1CD5736DE6DF}.AppStore|iPhoneSimulator.Build.0 = Release|Any CPU
		{CDA41113-3731-4ABC-B2CC-1CD5736DE6DF}.Debug|Any CPU.ActiveCfg = Debug|Any CPU
		{CDA41113-3731-4ABC-B2CC-1CD5736DE6DF}.Debug|Any CPU.Build.0 = Debug|Any CPU
		{CDA41113-3731-4ABC-B2CC-1CD5736DE6DF}.Debug|iPhone.ActiveCfg = Debug|Any CPU
		{CDA41113-3731-4ABC-B2CC-1CD5736DE6DF}.Debug|iPhone.Build.0 = Debug|Any CPU
		{CDA41113-3731-4ABC-B2CC-1CD5736DE6DF}.Debug|iPhoneSimulator.ActiveCfg = Debug|Any CPU
		{CDA41113-3731-4ABC-B2CC-1CD5736DE6DF}.Debug|iPhoneSimulator.Build.0 = Debug|Any CPU
		{CDA41113-3731-4ABC-B2CC-1CD5736DE6DF}.Release|Any CPU.ActiveCfg = Release|Any CPU
		{CDA41113-3731-4ABC-B2CC-1CD5736DE6DF}.Release|Any CPU.Build.0 = Release|Any CPU
		{CDA41113-3731-4ABC-B2CC-1CD5736DE6DF}.Release|iPhone.ActiveCfg = Release|Any CPU
		{CDA41113-3731-4ABC-B2CC-1CD5736DE6DF}.Release|iPhone.Build.0 = Release|Any CPU
		{CDA41113-3731-4ABC-B2CC-1CD5736DE6DF}.Release|iPhoneSimulator.ActiveCfg = Release|Any CPU
		{CDA41113-3731-4ABC-B2CC-1CD5736DE6DF}.Release|iPhoneSimulator.Build.0 = Release|Any CPU
		{8BA5C9B2-71C5-4F4A-A368-DEC60202C544}.Ad-Hoc|Any CPU.ActiveCfg = Release|Any CPU
		{8BA5C9B2-71C5-4F4A-A368-DEC60202C544}.Ad-Hoc|Any CPU.Build.0 = Release|Any CPU
		{8BA5C9B2-71C5-4F4A-A368-DEC60202C544}.Ad-Hoc|iPhone.ActiveCfg = Release|Any CPU
		{8BA5C9B2-71C5-4F4A-A368-DEC60202C544}.Ad-Hoc|iPhone.Build.0 = Release|Any CPU
		{8BA5C9B2-71C5-4F4A-A368-DEC60202C544}.Ad-Hoc|iPhoneSimulator.ActiveCfg = Release|Any CPU
		{8BA5C9B2-71C5-4F4A-A368-DEC60202C544}.Ad-Hoc|iPhoneSimulator.Build.0 = Release|Any CPU
		{8BA5C9B2-71C5-4F4A-A368-DEC60202C544}.AppStore|Any CPU.ActiveCfg = Release|Any CPU
		{8BA5C9B2-71C5-4F4A-A368-DEC60202C544}.AppStore|Any CPU.Build.0 = Release|Any CPU
		{8BA5C9B2-71C5-4F4A-A368-DEC60202C544}.AppStore|iPhone.ActiveCfg = Release|Any CPU
		{8BA5C9B2-71C5-4F4A-A368-DEC60202C544}.AppStore|iPhone.Build.0 = Release|Any CPU
		{8BA5C9B2-71C5-4F4A-A368-DEC60202C544}.AppStore|iPhoneSimulator.ActiveCfg = Release|Any CPU
		{8BA5C9B2-71C5-4F4A-A368-DEC60202C544}.AppStore|iPhoneSimulator.Build.0 = Release|Any CPU
		{8BA5C9B2-71C5-4F4A-A368-DEC60202C544}.Debug|Any CPU.ActiveCfg = Debug|Any CPU
		{8BA5C9B2-71C5-4F4A-A368-DEC60202C544}.Debug|Any CPU.Build.0 = Debug|Any CPU
		{8BA5C9B2-71C5-4F4A-A368-DEC60202C544}.Debug|iPhone.ActiveCfg = Debug|Any CPU
		{8BA5C9B2-71C5-4F4A-A368-DEC60202C544}.Debug|iPhone.Build.0 = Debug|Any CPU
		{8BA5C9B2-71C5-4F4A-A368-DEC60202C544}.Debug|iPhoneSimulator.ActiveCfg = Debug|Any CPU
		{8BA5C9B2-71C5-4F4A-A368-DEC60202C544}.Debug|iPhoneSimulator.Build.0 = Debug|Any CPU
		{8BA5C9B2-71C5-4F4A-A368-DEC60202C544}.Release|Any CPU.ActiveCfg = Release|Any CPU
		{8BA5C9B2-71C5-4F4A-A368-DEC60202C544}.Release|Any CPU.Build.0 = Release|Any CPU
		{8BA5C9B2-71C5-4F4A-A368-DEC60202C544}.Release|iPhone.ActiveCfg = Release|Any CPU
		{8BA5C9B2-71C5-4F4A-A368-DEC60202C544}.Release|iPhone.Build.0 = Release|Any CPU
		{8BA5C9B2-71C5-4F4A-A368-DEC60202C544}.Release|iPhoneSimulator.ActiveCfg = Release|Any CPU
		{8BA5C9B2-71C5-4F4A-A368-DEC60202C544}.Release|iPhoneSimulator.Build.0 = Release|Any CPU
		{3DD9ED95-DCE2-4B63-9CBE-1E158ED8B785}.Ad-Hoc|Any CPU.ActiveCfg = Release|Any CPU
		{3DD9ED95-DCE2-4B63-9CBE-1E158ED8B785}.Ad-Hoc|Any CPU.Build.0 = Release|Any CPU
		{3DD9ED95-DCE2-4B63-9CBE-1E158ED8B785}.Ad-Hoc|iPhone.ActiveCfg = Release|Any CPU
		{3DD9ED95-DCE2-4B63-9CBE-1E158ED8B785}.Ad-Hoc|iPhone.Build.0 = Release|Any CPU
		{3DD9ED95-DCE2-4B63-9CBE-1E158ED8B785}.Ad-Hoc|iPhoneSimulator.ActiveCfg = Release|Any CPU
		{3DD9ED95-DCE2-4B63-9CBE-1E158ED8B785}.Ad-Hoc|iPhoneSimulator.Build.0 = Release|Any CPU
		{3DD9ED95-DCE2-4B63-9CBE-1E158ED8B785}.AppStore|Any CPU.ActiveCfg = Release|Any CPU
		{3DD9ED95-DCE2-4B63-9CBE-1E158ED8B785}.AppStore|Any CPU.Build.0 = Release|Any CPU
		{3DD9ED95-DCE2-4B63-9CBE-1E158ED8B785}.AppStore|iPhone.ActiveCfg = Release|Any CPU
		{3DD9ED95-DCE2-4B63-9CBE-1E158ED8B785}.AppStore|iPhone.Build.0 = Release|Any CPU
		{3DD9ED95-DCE2-4B63-9CBE-1E158ED8B785}.AppStore|iPhoneSimulator.ActiveCfg = Release|Any CPU
		{3DD9ED95-DCE2-4B63-9CBE-1E158ED8B785}.AppStore|iPhoneSimulator.Build.0 = Release|Any CPU
		{3DD9ED95-DCE2-4B63-9CBE-1E158ED8B785}.Debug|Any CPU.ActiveCfg = Debug|Any CPU
		{3DD9ED95-DCE2-4B63-9CBE-1E158ED8B785}.Debug|Any CPU.Build.0 = Debug|Any CPU
		{3DD9ED95-DCE2-4B63-9CBE-1E158ED8B785}.Debug|iPhone.ActiveCfg = Debug|Any CPU
		{3DD9ED95-DCE2-4B63-9CBE-1E158ED8B785}.Debug|iPhone.Build.0 = Debug|Any CPU
		{3DD9ED95-DCE2-4B63-9CBE-1E158ED8B785}.Debug|iPhoneSimulator.ActiveCfg = Debug|Any CPU
		{3DD9ED95-DCE2-4B63-9CBE-1E158ED8B785}.Debug|iPhoneSimulator.Build.0 = Debug|Any CPU
		{3DD9ED95-DCE2-4B63-9CBE-1E158ED8B785}.Release|Any CPU.ActiveCfg = Release|Any CPU
		{3DD9ED95-DCE2-4B63-9CBE-1E158ED8B785}.Release|Any CPU.Build.0 = Release|Any CPU
		{3DD9ED95-DCE2-4B63-9CBE-1E158ED8B785}.Release|iPhone.ActiveCfg = Release|Any CPU
		{3DD9ED95-DCE2-4B63-9CBE-1E158ED8B785}.Release|iPhone.Build.0 = Release|Any CPU
		{3DD9ED95-DCE2-4B63-9CBE-1E158ED8B785}.Release|iPhoneSimulator.ActiveCfg = Release|Any CPU
		{3DD9ED95-DCE2-4B63-9CBE-1E158ED8B785}.Release|iPhoneSimulator.Build.0 = Release|Any CPU
		{0CA22DC8-E8B9-4708-A735-3AB44340F4A6}.Ad-Hoc|Any CPU.ActiveCfg = Release|Any CPU
		{0CA22DC8-E8B9-4708-A735-3AB44340F4A6}.Ad-Hoc|Any CPU.Build.0 = Release|Any CPU
		{0CA22DC8-E8B9-4708-A735-3AB44340F4A6}.Ad-Hoc|iPhone.ActiveCfg = Release|Any CPU
		{0CA22DC8-E8B9-4708-A735-3AB44340F4A6}.Ad-Hoc|iPhone.Build.0 = Release|Any CPU
		{0CA22DC8-E8B9-4708-A735-3AB44340F4A6}.Ad-Hoc|iPhoneSimulator.ActiveCfg = Release|Any CPU
		{0CA22DC8-E8B9-4708-A735-3AB44340F4A6}.Ad-Hoc|iPhoneSimulator.Build.0 = Release|Any CPU
		{0CA22DC8-E8B9-4708-A735-3AB44340F4A6}.AppStore|Any CPU.ActiveCfg = Release|Any CPU
		{0CA22DC8-E8B9-4708-A735-3AB44340F4A6}.AppStore|Any CPU.Build.0 = Release|Any CPU
		{0CA22DC8-E8B9-4708-A735-3AB44340F4A6}.AppStore|iPhone.ActiveCfg = Release|Any CPU
		{0CA22DC8-E8B9-4708-A735-3AB44340F4A6}.AppStore|iPhone.Build.0 = Release|Any CPU
		{0CA22DC8-E8B9-4708-A735-3AB44340F4A6}.AppStore|iPhoneSimulator.ActiveCfg = Release|Any CPU
		{0CA22DC8-E8B9-4708-A735-3AB44340F4A6}.AppStore|iPhoneSimulator.Build.0 = Release|Any CPU
		{0CA22DC8-E8B9-4708-A735-3AB44340F4A6}.Debug|Any CPU.ActiveCfg = Debug|Any CPU
		{0CA22DC8-E8B9-4708-A735-3AB44340F4A6}.Debug|Any CPU.Build.0 = Debug|Any CPU
		{0CA22DC8-E8B9-4708-A735-3AB44340F4A6}.Debug|iPhone.ActiveCfg = Debug|Any CPU
		{0CA22DC8-E8B9-4708-A735-3AB44340F4A6}.Debug|iPhone.Build.0 = Debug|Any CPU
		{0CA22DC8-E8B9-4708-A735-3AB44340F4A6}.Debug|iPhoneSimulator.ActiveCfg = Debug|Any CPU
		{0CA22DC8-E8B9-4708-A735-3AB44340F4A6}.Debug|iPhoneSimulator.Build.0 = Debug|Any CPU
		{0CA22DC8-E8B9-4708-A735-3AB44340F4A6}.Release|Any CPU.ActiveCfg = Release|Any CPU
		{0CA22DC8-E8B9-4708-A735-3AB44340F4A6}.Release|Any CPU.Build.0 = Release|Any CPU
		{0CA22DC8-E8B9-4708-A735-3AB44340F4A6}.Release|iPhone.ActiveCfg = Release|Any CPU
		{0CA22DC8-E8B9-4708-A735-3AB44340F4A6}.Release|iPhone.Build.0 = Release|Any CPU
		{0CA22DC8-E8B9-4708-A735-3AB44340F4A6}.Release|iPhoneSimulator.ActiveCfg = Release|Any CPU
		{0CA22DC8-E8B9-4708-A735-3AB44340F4A6}.Release|iPhoneSimulator.Build.0 = Release|Any CPU
		{8765CB3F-5DA1-409E-AF8D-1D135E610971}.Ad-Hoc|Any CPU.ActiveCfg = Release|Any CPU
		{8765CB3F-5DA1-409E-AF8D-1D135E610971}.Ad-Hoc|Any CPU.Build.0 = Release|Any CPU
		{8765CB3F-5DA1-409E-AF8D-1D135E610971}.Ad-Hoc|iPhone.ActiveCfg = Release|Any CPU
		{8765CB3F-5DA1-409E-AF8D-1D135E610971}.Ad-Hoc|iPhone.Build.0 = Release|Any CPU
		{8765CB3F-5DA1-409E-AF8D-1D135E610971}.Ad-Hoc|iPhoneSimulator.ActiveCfg = Release|Any CPU
		{8765CB3F-5DA1-409E-AF8D-1D135E610971}.Ad-Hoc|iPhoneSimulator.Build.0 = Release|Any CPU
		{8765CB3F-5DA1-409E-AF8D-1D135E610971}.AppStore|Any CPU.ActiveCfg = Release|Any CPU
		{8765CB3F-5DA1-409E-AF8D-1D135E610971}.AppStore|Any CPU.Build.0 = Release|Any CPU
		{8765CB3F-5DA1-409E-AF8D-1D135E610971}.AppStore|iPhone.ActiveCfg = Release|Any CPU
		{8765CB3F-5DA1-409E-AF8D-1D135E610971}.AppStore|iPhone.Build.0 = Release|Any CPU
		{8765CB3F-5DA1-409E-AF8D-1D135E610971}.AppStore|iPhoneSimulator.ActiveCfg = Release|Any CPU
		{8765CB3F-5DA1-409E-AF8D-1D135E610971}.AppStore|iPhoneSimulator.Build.0 = Release|Any CPU
		{8765CB3F-5DA1-409E-AF8D-1D135E610971}.Debug|Any CPU.ActiveCfg = Debug|Any CPU
		{8765CB3F-5DA1-409E-AF8D-1D135E610971}.Debug|Any CPU.Build.0 = Debug|Any CPU
		{8765CB3F-5DA1-409E-AF8D-1D135E610971}.Debug|iPhone.ActiveCfg = Debug|Any CPU
		{8765CB3F-5DA1-409E-AF8D-1D135E610971}.Debug|iPhone.Build.0 = Debug|Any CPU
		{8765CB3F-5DA1-409E-AF8D-1D135E610971}.Debug|iPhoneSimulator.ActiveCfg = Debug|Any CPU
		{8765CB3F-5DA1-409E-AF8D-1D135E610971}.Debug|iPhoneSimulator.Build.0 = Debug|Any CPU
		{8765CB3F-5DA1-409E-AF8D-1D135E610971}.Release|Any CPU.ActiveCfg = Release|Any CPU
		{8765CB3F-5DA1-409E-AF8D-1D135E610971}.Release|Any CPU.Build.0 = Release|Any CPU
		{8765CB3F-5DA1-409E-AF8D-1D135E610971}.Release|iPhone.ActiveCfg = Release|Any CPU
		{8765CB3F-5DA1-409E-AF8D-1D135E610971}.Release|iPhone.Build.0 = Release|Any CPU
		{8765CB3F-5DA1-409E-AF8D-1D135E610971}.Release|iPhoneSimulator.ActiveCfg = Release|Any CPU
		{8765CB3F-5DA1-409E-AF8D-1D135E610971}.Release|iPhoneSimulator.Build.0 = Release|Any CPU
		{8E42046A-D9AE-41BD-8054-0D8F1BFBA94D}.Ad-Hoc|Any CPU.ActiveCfg = Release|Any CPU
		{8E42046A-D9AE-41BD-8054-0D8F1BFBA94D}.Ad-Hoc|Any CPU.Build.0 = Release|Any CPU
		{8E42046A-D9AE-41BD-8054-0D8F1BFBA94D}.Ad-Hoc|iPhone.ActiveCfg = Release|Any CPU
		{8E42046A-D9AE-41BD-8054-0D8F1BFBA94D}.Ad-Hoc|iPhone.Build.0 = Release|Any CPU
		{8E42046A-D9AE-41BD-8054-0D8F1BFBA94D}.Ad-Hoc|iPhoneSimulator.ActiveCfg = Release|Any CPU
		{8E42046A-D9AE-41BD-8054-0D8F1BFBA94D}.Ad-Hoc|iPhoneSimulator.Build.0 = Release|Any CPU
		{8E42046A-D9AE-41BD-8054-0D8F1BFBA94D}.AppStore|Any CPU.ActiveCfg = Release|Any CPU
		{8E42046A-D9AE-41BD-8054-0D8F1BFBA94D}.AppStore|Any CPU.Build.0 = Release|Any CPU
		{8E42046A-D9AE-41BD-8054-0D8F1BFBA94D}.AppStore|iPhone.ActiveCfg = Release|Any CPU
		{8E42046A-D9AE-41BD-8054-0D8F1BFBA94D}.AppStore|iPhone.Build.0 = Release|Any CPU
		{8E42046A-D9AE-41BD-8054-0D8F1BFBA94D}.AppStore|iPhoneSimulator.ActiveCfg = Release|Any CPU
		{8E42046A-D9AE-41BD-8054-0D8F1BFBA94D}.AppStore|iPhoneSimulator.Build.0 = Release|Any CPU
		{8E42046A-D9AE-41BD-8054-0D8F1BFBA94D}.Debug|Any CPU.ActiveCfg = Debug|Any CPU
		{8E42046A-D9AE-41BD-8054-0D8F1BFBA94D}.Debug|Any CPU.Build.0 = Debug|Any CPU
		{8E42046A-D9AE-41BD-8054-0D8F1BFBA94D}.Debug|iPhone.ActiveCfg = Debug|Any CPU
		{8E42046A-D9AE-41BD-8054-0D8F1BFBA94D}.Debug|iPhone.Build.0 = Debug|Any CPU
		{8E42046A-D9AE-41BD-8054-0D8F1BFBA94D}.Debug|iPhoneSimulator.ActiveCfg = Debug|Any CPU
		{8E42046A-D9AE-41BD-8054-0D8F1BFBA94D}.Debug|iPhoneSimulator.Build.0 = Debug|Any CPU
		{8E42046A-D9AE-41BD-8054-0D8F1BFBA94D}.Release|Any CPU.ActiveCfg = Release|Any CPU
		{8E42046A-D9AE-41BD-8054-0D8F1BFBA94D}.Release|Any CPU.Build.0 = Release|Any CPU
		{8E42046A-D9AE-41BD-8054-0D8F1BFBA94D}.Release|iPhone.ActiveCfg = Release|Any CPU
		{8E42046A-D9AE-41BD-8054-0D8F1BFBA94D}.Release|iPhone.Build.0 = Release|Any CPU
		{8E42046A-D9AE-41BD-8054-0D8F1BFBA94D}.Release|iPhoneSimulator.ActiveCfg = Release|Any CPU
		{8E42046A-D9AE-41BD-8054-0D8F1BFBA94D}.Release|iPhoneSimulator.Build.0 = Release|Any CPU
		{0D4B1178-8F35-427B-9906-4940EFA0B2C8}.Ad-Hoc|Any CPU.ActiveCfg = Release|Any CPU
		{0D4B1178-8F35-427B-9906-4940EFA0B2C8}.Ad-Hoc|Any CPU.Build.0 = Release|Any CPU
		{0D4B1178-8F35-427B-9906-4940EFA0B2C8}.Ad-Hoc|iPhone.ActiveCfg = Release|Any CPU
		{0D4B1178-8F35-427B-9906-4940EFA0B2C8}.Ad-Hoc|iPhone.Build.0 = Release|Any CPU
		{0D4B1178-8F35-427B-9906-4940EFA0B2C8}.Ad-Hoc|iPhoneSimulator.ActiveCfg = Release|Any CPU
		{0D4B1178-8F35-427B-9906-4940EFA0B2C8}.Ad-Hoc|iPhoneSimulator.Build.0 = Release|Any CPU
		{0D4B1178-8F35-427B-9906-4940EFA0B2C8}.AppStore|Any CPU.ActiveCfg = Release|Any CPU
		{0D4B1178-8F35-427B-9906-4940EFA0B2C8}.AppStore|Any CPU.Build.0 = Release|Any CPU
		{0D4B1178-8F35-427B-9906-4940EFA0B2C8}.AppStore|iPhone.ActiveCfg = Release|Any CPU
		{0D4B1178-8F35-427B-9906-4940EFA0B2C8}.AppStore|iPhone.Build.0 = Release|Any CPU
		{0D4B1178-8F35-427B-9906-4940EFA0B2C8}.AppStore|iPhoneSimulator.ActiveCfg = Release|Any CPU
		{0D4B1178-8F35-427B-9906-4940EFA0B2C8}.AppStore|iPhoneSimulator.Build.0 = Release|Any CPU
		{0D4B1178-8F35-427B-9906-4940EFA0B2C8}.Debug|Any CPU.ActiveCfg = Debug|Any CPU
		{0D4B1178-8F35-427B-9906-4940EFA0B2C8}.Debug|Any CPU.Build.0 = Debug|Any CPU
		{0D4B1178-8F35-427B-9906-4940EFA0B2C8}.Debug|iPhone.ActiveCfg = Debug|Any CPU
		{0D4B1178-8F35-427B-9906-4940EFA0B2C8}.Debug|iPhone.Build.0 = Debug|Any CPU
		{0D4B1178-8F35-427B-9906-4940EFA0B2C8}.Debug|iPhoneSimulator.ActiveCfg = Debug|Any CPU
		{0D4B1178-8F35-427B-9906-4940EFA0B2C8}.Debug|iPhoneSimulator.Build.0 = Debug|Any CPU
		{0D4B1178-8F35-427B-9906-4940EFA0B2C8}.Release|Any CPU.ActiveCfg = Release|Any CPU
		{0D4B1178-8F35-427B-9906-4940EFA0B2C8}.Release|Any CPU.Build.0 = Release|Any CPU
		{0D4B1178-8F35-427B-9906-4940EFA0B2C8}.Release|iPhone.ActiveCfg = Release|Any CPU
		{0D4B1178-8F35-427B-9906-4940EFA0B2C8}.Release|iPhone.Build.0 = Release|Any CPU
		{0D4B1178-8F35-427B-9906-4940EFA0B2C8}.Release|iPhoneSimulator.ActiveCfg = Release|Any CPU
		{0D4B1178-8F35-427B-9906-4940EFA0B2C8}.Release|iPhoneSimulator.Build.0 = Release|Any CPU
		{6E6E3965-135D-4F8A-8145-5AD76967F662}.Ad-Hoc|Any CPU.ActiveCfg = Release|Any CPU
		{6E6E3965-135D-4F8A-8145-5AD76967F662}.Ad-Hoc|Any CPU.Build.0 = Release|Any CPU
		{6E6E3965-135D-4F8A-8145-5AD76967F662}.Ad-Hoc|iPhone.ActiveCfg = Release|Any CPU
		{6E6E3965-135D-4F8A-8145-5AD76967F662}.Ad-Hoc|iPhone.Build.0 = Release|Any CPU
		{6E6E3965-135D-4F8A-8145-5AD76967F662}.Ad-Hoc|iPhoneSimulator.ActiveCfg = Release|Any CPU
		{6E6E3965-135D-4F8A-8145-5AD76967F662}.Ad-Hoc|iPhoneSimulator.Build.0 = Release|Any CPU
		{6E6E3965-135D-4F8A-8145-5AD76967F662}.AppStore|Any CPU.ActiveCfg = Release|Any CPU
		{6E6E3965-135D-4F8A-8145-5AD76967F662}.AppStore|Any CPU.Build.0 = Release|Any CPU
		{6E6E3965-135D-4F8A-8145-5AD76967F662}.AppStore|iPhone.ActiveCfg = Release|Any CPU
		{6E6E3965-135D-4F8A-8145-5AD76967F662}.AppStore|iPhone.Build.0 = Release|Any CPU
		{6E6E3965-135D-4F8A-8145-5AD76967F662}.AppStore|iPhoneSimulator.ActiveCfg = Release|Any CPU
		{6E6E3965-135D-4F8A-8145-5AD76967F662}.AppStore|iPhoneSimulator.Build.0 = Release|Any CPU
		{6E6E3965-135D-4F8A-8145-5AD76967F662}.Debug|Any CPU.ActiveCfg = Debug|Any CPU
		{6E6E3965-135D-4F8A-8145-5AD76967F662}.Debug|Any CPU.Build.0 = Debug|Any CPU
		{6E6E3965-135D-4F8A-8145-5AD76967F662}.Debug|iPhone.ActiveCfg = Debug|Any CPU
		{6E6E3965-135D-4F8A-8145-5AD76967F662}.Debug|iPhone.Build.0 = Debug|Any CPU
		{6E6E3965-135D-4F8A-8145-5AD76967F662}.Debug|iPhoneSimulator.ActiveCfg = Debug|Any CPU
		{6E6E3965-135D-4F8A-8145-5AD76967F662}.Debug|iPhoneSimulator.Build.0 = Debug|Any CPU
		{6E6E3965-135D-4F8A-8145-5AD76967F662}.Release|Any CPU.ActiveCfg = Release|Any CPU
		{6E6E3965-135D-4F8A-8145-5AD76967F662}.Release|Any CPU.Build.0 = Release|Any CPU
		{6E6E3965-135D-4F8A-8145-5AD76967F662}.Release|iPhone.ActiveCfg = Release|Any CPU
		{6E6E3965-135D-4F8A-8145-5AD76967F662}.Release|iPhone.Build.0 = Release|Any CPU
		{6E6E3965-135D-4F8A-8145-5AD76967F662}.Release|iPhoneSimulator.ActiveCfg = Release|Any CPU
		{6E6E3965-135D-4F8A-8145-5AD76967F662}.Release|iPhoneSimulator.Build.0 = Release|Any CPU
		{E61DE808-842B-4521-AEEE-A417AC8519F5}.Ad-Hoc|Any CPU.ActiveCfg = Release|Any CPU
		{E61DE808-842B-4521-AEEE-A417AC8519F5}.Ad-Hoc|Any CPU.Build.0 = Release|Any CPU
		{E61DE808-842B-4521-AEEE-A417AC8519F5}.Ad-Hoc|iPhone.ActiveCfg = Release|Any CPU
		{E61DE808-842B-4521-AEEE-A417AC8519F5}.Ad-Hoc|iPhone.Build.0 = Release|Any CPU
		{E61DE808-842B-4521-AEEE-A417AC8519F5}.Ad-Hoc|iPhoneSimulator.ActiveCfg = Release|Any CPU
		{E61DE808-842B-4521-AEEE-A417AC8519F5}.Ad-Hoc|iPhoneSimulator.Build.0 = Release|Any CPU
		{E61DE808-842B-4521-AEEE-A417AC8519F5}.AppStore|Any CPU.ActiveCfg = Release|Any CPU
		{E61DE808-842B-4521-AEEE-A417AC8519F5}.AppStore|Any CPU.Build.0 = Release|Any CPU
		{E61DE808-842B-4521-AEEE-A417AC8519F5}.AppStore|iPhone.ActiveCfg = Release|Any CPU
		{E61DE808-842B-4521-AEEE-A417AC8519F5}.AppStore|iPhone.Build.0 = Release|Any CPU
		{E61DE808-842B-4521-AEEE-A417AC8519F5}.AppStore|iPhoneSimulator.ActiveCfg = Release|Any CPU
		{E61DE808-842B-4521-AEEE-A417AC8519F5}.AppStore|iPhoneSimulator.Build.0 = Release|Any CPU
		{E61DE808-842B-4521-AEEE-A417AC8519F5}.Debug|Any CPU.ActiveCfg = Debug|Any CPU
		{E61DE808-842B-4521-AEEE-A417AC8519F5}.Debug|Any CPU.Build.0 = Debug|Any CPU
		{E61DE808-842B-4521-AEEE-A417AC8519F5}.Debug|iPhone.ActiveCfg = Debug|Any CPU
		{E61DE808-842B-4521-AEEE-A417AC8519F5}.Debug|iPhone.Build.0 = Debug|Any CPU
		{E61DE808-842B-4521-AEEE-A417AC8519F5}.Debug|iPhoneSimulator.ActiveCfg = Debug|Any CPU
		{E61DE808-842B-4521-AEEE-A417AC8519F5}.Debug|iPhoneSimulator.Build.0 = Debug|Any CPU
		{E61DE808-842B-4521-AEEE-A417AC8519F5}.Release|Any CPU.ActiveCfg = Release|Any CPU
		{E61DE808-842B-4521-AEEE-A417AC8519F5}.Release|Any CPU.Build.0 = Release|Any CPU
		{E61DE808-842B-4521-AEEE-A417AC8519F5}.Release|iPhone.ActiveCfg = Release|Any CPU
		{E61DE808-842B-4521-AEEE-A417AC8519F5}.Release|iPhone.Build.0 = Release|Any CPU
		{E61DE808-842B-4521-AEEE-A417AC8519F5}.Release|iPhoneSimulator.ActiveCfg = Release|Any CPU
		{E61DE808-842B-4521-AEEE-A417AC8519F5}.Release|iPhoneSimulator.Build.0 = Release|Any CPU
		{92D7CAF1-9ABA-4314-9F63-9251CC91E14D}.Ad-Hoc|Any CPU.ActiveCfg = Release|Any CPU
		{92D7CAF1-9ABA-4314-9F63-9251CC91E14D}.Ad-Hoc|Any CPU.Build.0 = Release|Any CPU
		{92D7CAF1-9ABA-4314-9F63-9251CC91E14D}.Ad-Hoc|iPhone.ActiveCfg = Release|Any CPU
		{92D7CAF1-9ABA-4314-9F63-9251CC91E14D}.Ad-Hoc|iPhone.Build.0 = Release|Any CPU
		{92D7CAF1-9ABA-4314-9F63-9251CC91E14D}.Ad-Hoc|iPhoneSimulator.ActiveCfg = Release|Any CPU
		{92D7CAF1-9ABA-4314-9F63-9251CC91E14D}.Ad-Hoc|iPhoneSimulator.Build.0 = Release|Any CPU
		{92D7CAF1-9ABA-4314-9F63-9251CC91E14D}.AppStore|Any CPU.ActiveCfg = Release|Any CPU
		{92D7CAF1-9ABA-4314-9F63-9251CC91E14D}.AppStore|Any CPU.Build.0 = Release|Any CPU
		{92D7CAF1-9ABA-4314-9F63-9251CC91E14D}.AppStore|iPhone.ActiveCfg = Release|Any CPU
		{92D7CAF1-9ABA-4314-9F63-9251CC91E14D}.AppStore|iPhone.Build.0 = Release|Any CPU
		{92D7CAF1-9ABA-4314-9F63-9251CC91E14D}.AppStore|iPhoneSimulator.ActiveCfg = Release|Any CPU
		{92D7CAF1-9ABA-4314-9F63-9251CC91E14D}.AppStore|iPhoneSimulator.Build.0 = Release|Any CPU
		{92D7CAF1-9ABA-4314-9F63-9251CC91E14D}.Debug|Any CPU.ActiveCfg = Debug|Any CPU
		{92D7CAF1-9ABA-4314-9F63-9251CC91E14D}.Debug|Any CPU.Build.0 = Debug|Any CPU
		{92D7CAF1-9ABA-4314-9F63-9251CC91E14D}.Debug|iPhone.ActiveCfg = Debug|Any CPU
		{92D7CAF1-9ABA-4314-9F63-9251CC91E14D}.Debug|iPhone.Build.0 = Debug|Any CPU
		{92D7CAF1-9ABA-4314-9F63-9251CC91E14D}.Debug|iPhoneSimulator.ActiveCfg = Debug|Any CPU
		{92D7CAF1-9ABA-4314-9F63-9251CC91E14D}.Debug|iPhoneSimulator.Build.0 = Debug|Any CPU
		{92D7CAF1-9ABA-4314-9F63-9251CC91E14D}.Release|Any CPU.ActiveCfg = Release|Any CPU
		{92D7CAF1-9ABA-4314-9F63-9251CC91E14D}.Release|Any CPU.Build.0 = Release|Any CPU
		{92D7CAF1-9ABA-4314-9F63-9251CC91E14D}.Release|iPhone.ActiveCfg = Release|Any CPU
		{92D7CAF1-9ABA-4314-9F63-9251CC91E14D}.Release|iPhone.Build.0 = Release|Any CPU
		{92D7CAF1-9ABA-4314-9F63-9251CC91E14D}.Release|iPhoneSimulator.ActiveCfg = Release|Any CPU
		{92D7CAF1-9ABA-4314-9F63-9251CC91E14D}.Release|iPhoneSimulator.Build.0 = Release|Any CPU
		{D5359A29-F03F-4F60-AA5A-FDDDE8019C8D}.Ad-Hoc|Any CPU.ActiveCfg = Release|Any CPU
		{D5359A29-F03F-4F60-AA5A-FDDDE8019C8D}.Ad-Hoc|Any CPU.Build.0 = Release|Any CPU
		{D5359A29-F03F-4F60-AA5A-FDDDE8019C8D}.Ad-Hoc|iPhone.ActiveCfg = Release|Any CPU
		{D5359A29-F03F-4F60-AA5A-FDDDE8019C8D}.Ad-Hoc|iPhone.Build.0 = Release|Any CPU
		{D5359A29-F03F-4F60-AA5A-FDDDE8019C8D}.Ad-Hoc|iPhoneSimulator.ActiveCfg = Release|Any CPU
		{D5359A29-F03F-4F60-AA5A-FDDDE8019C8D}.Ad-Hoc|iPhoneSimulator.Build.0 = Release|Any CPU
		{D5359A29-F03F-4F60-AA5A-FDDDE8019C8D}.AppStore|Any CPU.ActiveCfg = Release|Any CPU
		{D5359A29-F03F-4F60-AA5A-FDDDE8019C8D}.AppStore|Any CPU.Build.0 = Release|Any CPU
		{D5359A29-F03F-4F60-AA5A-FDDDE8019C8D}.AppStore|iPhone.ActiveCfg = Release|Any CPU
		{D5359A29-F03F-4F60-AA5A-FDDDE8019C8D}.AppStore|iPhone.Build.0 = Release|Any CPU
		{D5359A29-F03F-4F60-AA5A-FDDDE8019C8D}.AppStore|iPhoneSimulator.ActiveCfg = Release|Any CPU
		{D5359A29-F03F-4F60-AA5A-FDDDE8019C8D}.AppStore|iPhoneSimulator.Build.0 = Release|Any CPU
		{D5359A29-F03F-4F60-AA5A-FDDDE8019C8D}.Debug|Any CPU.ActiveCfg = Debug|Any CPU
		{D5359A29-F03F-4F60-AA5A-FDDDE8019C8D}.Debug|Any CPU.Build.0 = Debug|Any CPU
		{D5359A29-F03F-4F60-AA5A-FDDDE8019C8D}.Debug|iPhone.ActiveCfg = Debug|Any CPU
		{D5359A29-F03F-4F60-AA5A-FDDDE8019C8D}.Debug|iPhone.Build.0 = Debug|Any CPU
		{D5359A29-F03F-4F60-AA5A-FDDDE8019C8D}.Debug|iPhoneSimulator.ActiveCfg = Debug|Any CPU
		{D5359A29-F03F-4F60-AA5A-FDDDE8019C8D}.Debug|iPhoneSimulator.Build.0 = Debug|Any CPU
		{D5359A29-F03F-4F60-AA5A-FDDDE8019C8D}.Release|Any CPU.ActiveCfg = Release|Any CPU
		{D5359A29-F03F-4F60-AA5A-FDDDE8019C8D}.Release|Any CPU.Build.0 = Release|Any CPU
		{D5359A29-F03F-4F60-AA5A-FDDDE8019C8D}.Release|iPhone.ActiveCfg = Release|Any CPU
		{D5359A29-F03F-4F60-AA5A-FDDDE8019C8D}.Release|iPhone.Build.0 = Release|Any CPU
		{D5359A29-F03F-4F60-AA5A-FDDDE8019C8D}.Release|iPhoneSimulator.ActiveCfg = Release|Any CPU
		{D5359A29-F03F-4F60-AA5A-FDDDE8019C8D}.Release|iPhoneSimulator.Build.0 = Release|Any CPU
		{E7CB1D42-CECB-4E2A-BC20-D8FA655B2F11}.Ad-Hoc|Any CPU.ActiveCfg = Release|Any CPU
		{E7CB1D42-CECB-4E2A-BC20-D8FA655B2F11}.Ad-Hoc|Any CPU.Build.0 = Release|Any CPU
		{E7CB1D42-CECB-4E2A-BC20-D8FA655B2F11}.Ad-Hoc|iPhone.ActiveCfg = Release|Any CPU
		{E7CB1D42-CECB-4E2A-BC20-D8FA655B2F11}.Ad-Hoc|iPhone.Build.0 = Release|Any CPU
		{E7CB1D42-CECB-4E2A-BC20-D8FA655B2F11}.Ad-Hoc|iPhoneSimulator.ActiveCfg = Release|Any CPU
		{E7CB1D42-CECB-4E2A-BC20-D8FA655B2F11}.Ad-Hoc|iPhoneSimulator.Build.0 = Release|Any CPU
		{E7CB1D42-CECB-4E2A-BC20-D8FA655B2F11}.AppStore|Any CPU.ActiveCfg = Release|Any CPU
		{E7CB1D42-CECB-4E2A-BC20-D8FA655B2F11}.AppStore|Any CPU.Build.0 = Release|Any CPU
		{E7CB1D42-CECB-4E2A-BC20-D8FA655B2F11}.AppStore|iPhone.ActiveCfg = Release|Any CPU
		{E7CB1D42-CECB-4E2A-BC20-D8FA655B2F11}.AppStore|iPhone.Build.0 = Release|Any CPU
		{E7CB1D42-CECB-4E2A-BC20-D8FA655B2F11}.AppStore|iPhoneSimulator.ActiveCfg = Release|Any CPU
		{E7CB1D42-CECB-4E2A-BC20-D8FA655B2F11}.AppStore|iPhoneSimulator.Build.0 = Release|Any CPU
		{E7CB1D42-CECB-4E2A-BC20-D8FA655B2F11}.Debug|Any CPU.ActiveCfg = Debug|Any CPU
		{E7CB1D42-CECB-4E2A-BC20-D8FA655B2F11}.Debug|Any CPU.Build.0 = Debug|Any CPU
		{E7CB1D42-CECB-4E2A-BC20-D8FA655B2F11}.Debug|iPhone.ActiveCfg = Debug|Any CPU
		{E7CB1D42-CECB-4E2A-BC20-D8FA655B2F11}.Debug|iPhone.Build.0 = Debug|Any CPU
		{E7CB1D42-CECB-4E2A-BC20-D8FA655B2F11}.Debug|iPhoneSimulator.ActiveCfg = Debug|Any CPU
		{E7CB1D42-CECB-4E2A-BC20-D8FA655B2F11}.Debug|iPhoneSimulator.Build.0 = Debug|Any CPU
		{E7CB1D42-CECB-4E2A-BC20-D8FA655B2F11}.Release|Any CPU.ActiveCfg = Release|Any CPU
		{E7CB1D42-CECB-4E2A-BC20-D8FA655B2F11}.Release|Any CPU.Build.0 = Release|Any CPU
		{E7CB1D42-CECB-4E2A-BC20-D8FA655B2F11}.Release|iPhone.ActiveCfg = Release|Any CPU
		{E7CB1D42-CECB-4E2A-BC20-D8FA655B2F11}.Release|iPhone.Build.0 = Release|Any CPU
		{E7CB1D42-CECB-4E2A-BC20-D8FA655B2F11}.Release|iPhoneSimulator.ActiveCfg = Release|Any CPU
		{E7CB1D42-CECB-4E2A-BC20-D8FA655B2F11}.Release|iPhoneSimulator.Build.0 = Release|Any CPU
	EndGlobalSection
	GlobalSection(SolutionProperties) = preSolution
		HideSolutionNode = FALSE
	EndGlobalSection
	GlobalSection(NestedProjects) = preSolution
		{80CD9772-8724-40D4-AC68-4148FBE05E82} = {AAC7BE50-98B2-42C9-BA48-6E6E7CBED5BF}
		{79C1349A-1EAF-467F-9290-DA7FAD5E49E5} = {AAC7BE50-98B2-42C9-BA48-6E6E7CBED5BF}
		{CDA41113-3731-4ABC-B2CC-1CD5736DE6DF} = {AAC7BE50-98B2-42C9-BA48-6E6E7CBED5BF}
		{8BA5C9B2-71C5-4F4A-A368-DEC60202C544} = {AAC7BE50-98B2-42C9-BA48-6E6E7CBED5BF}
		{62BCD9A0-7184-4BE1-B417-A6BFB2ADFAED} = {AAC7BE50-98B2-42C9-BA48-6E6E7CBED5BF}
		{3DD9ED95-DCE2-4B63-9CBE-1E158ED8B785} = {62BCD9A0-7184-4BE1-B417-A6BFB2ADFAED}
		{0CA22DC8-E8B9-4708-A735-3AB44340F4A6} = {62BCD9A0-7184-4BE1-B417-A6BFB2ADFAED}
		{8765CB3F-5DA1-409E-AF8D-1D135E610971} = {AAC7BE50-98B2-42C9-BA48-6E6E7CBED5BF}
		{8E42046A-D9AE-41BD-8054-0D8F1BFBA94D} = {5304DF32-EA92-4D21-BD39-4389AB7A43DB}
		{0D4B1178-8F35-427B-9906-4940EFA0B2C8} = {5304DF32-EA92-4D21-BD39-4389AB7A43DB}
		{6E6E3965-135D-4F8A-8145-5AD76967F662} = {E2CFE8B5-4FDD-4F45-8A7A-64C508E08E86}
		{E61DE808-842B-4521-AEEE-A417AC8519F5} = {E2CFE8B5-4FDD-4F45-8A7A-64C508E08E86}
		{92D7CAF1-9ABA-4314-9F63-9251CC91E14D} = {25BD5BA3-C65F-454A-B86A-6E1DA9373948}
		{D5359A29-F03F-4F60-AA5A-FDDDE8019C8D} = {25BD5BA3-C65F-454A-B86A-6E1DA9373948}
		{E7CB1D42-CECB-4E2A-BC20-D8FA655B2F11} = {4A24CFE4-2806-4081-B00A-9B56E940CDBE}
	EndGlobalSection
	GlobalSection(ExtensibilityGlobals) = postSolution
		SolutionGuid = {37216AC6-0551-4B38-B6D8-486D840B20B9}
	EndGlobalSection
EndGlobal
