
Microsoft Visual Studio Solution File, Format Version 12.00
# Visual Studio Version 17
VisualStudioVersion = 17.14.36518.9 d17.14
MinimumVisualStudioVersion = 10.0.40219.1
Project("{FAE04EC0-301F-11D3-BF4B-00C04F79EFBC}") = "FunctionalProgramming.UnitTest", "FunctionalProgramming.UnitTest.csproj", "{0807FE4E-778F-E5B9-C5A5-46EEC4C674E4}"
EndProject
Global
	GlobalSection(SolutionConfigurationPlatforms) = preSolution
		Debug|Any CPU = Debug|Any CPU
		Release|Any CPU = Release|Any CPU
	EndGlobalSection
	GlobalSection(ProjectConfigurationPlatforms) = postSolution
		{0807FE4E-778F-E5B9-C5A5-46EEC4C674E4}.Debug|Any CPU.ActiveCfg = Debug|Any CPU
		{0807FE4E-778F-E5B9-C5A5-46EEC4C674E4}.Debug|Any CPU.Build.0 = Debug|Any CPU
		{0807FE4E-778F-E5B9-C5A5-46EEC4C674E4}.Release|Any CPU.ActiveCfg = Release|Any CPU
		{0807FE4E-778F-E5B9-C5A5-46EEC4C674E4}.Release|Any CPU.Build.0 = Release|Any CPU
	EndGlobalSection
	GlobalSection(SolutionProperties) = preSolution
		HideSolutionNode = FALSE
	EndGlobalSection
	GlobalSection(ExtensibilityGlobals) = postSolution
		SolutionGuid = {3D551006-5C46-4FA8-83C0-F8211A49DE90}
	EndGlobalSection
EndGlobal
