
Microsoft Visual Studio Solution File, Format Version 12.00
# Visual Studio 15
VisualStudioVersion = 15.0.27703.2018
MinimumVisualStudioVersion = 10.0.40219.1
Project("{2150E333-8FDC-42A3-9474-1A3956D46DE8}") = ".Solution Items", ".Solution Items", "{014A60F6-B923-40AA-B63F-E4C1D826F8C0}"
	ProjectSection(SolutionItems) = preProject
		ExDataManagement\README.md = ExDataManagement\README.md
		README.md = README.md
	EndProjectSection
EndProject
Project("{2150E333-8FDC-42A3-9474-1A3956D46DE8}") = "P01 Introduction", "P01 Introduction", "{6592B78B-A8DB-4D58-B7D6-5E19E5BF9389}"
EndProject
Project("{2150E333-8FDC-42A3-9474-1A3956D46DE8}") = "P05 Structural Data", "P05 Structural Data", "{11C14FD7-D413-4B42-BE5B-E4DD5E9826DB}"
	ProjectSection(SolutionItems) = preProject
		ExDataManagement\P05.StructuralData\README.md = ExDataManagement\P05.StructuralData\README.md
	EndProjectSection
EndProject
Project("{2150E333-8FDC-42A3-9474-1A3956D46DE8}") = "P06 Graphical Data", "P06 Graphical Data", "{FC29CE65-D5DB-4DE7-A25F-FD8B57E7F99D}"
	ProjectSection(SolutionItems) = preProject
		ExDataManagement\P06.GraphicalData\Readme.md = ExDataManagement\P06.GraphicalData\Readme.md
	EndProjectSection
EndProject
Project("{2150E333-8FDC-42A3-9474-1A3956D46DE8}") = "P02 Data Semantics", "P02 Data Semantics", "{1226668D-7283-4485-A6D1-6A4CEF46FC6B}"
EndProject
Project("{2150E333-8FDC-42A3-9474-1A3956D46DE8}") = "P04 Functional Programming", "P04 Functional Programming", "{83AAD2C4-59DE-46EB-9B94-C174E6622E2B}"
EndProject
Project("{2150E333-8FDC-42A3-9474-1A3956D46DE8}") = "P03 Data Streams", "P03 Data Streams", "{F055CD0D-5862-49A6-ADF6-6BB5B89025AA}"
	ProjectSection(SolutionItems) = preProject
		ExDataManagement\P03.DataStreams\README.md = ExDataManagement\P03.DataStreams\README.md
	EndProjectSection
EndProject
Project("{FAE04EC0-301F-11D3-BF4B-00C04F79EFBC}") = "GraphicalData", "ExDataManagement\P06.GraphicalData\GraphicalData\GraphicalData.csproj", "{7465F369-E400-4B02-B602-B8A5CD112044}"
EndProject
Project("{FAE04EC0-301F-11D3-BF4B-00C04F79EFBC}") = "GraphicalData.UnitTest", "ExDataManagement\P06.GraphicalData\GraphicalData.UnitTest\GraphicalData.UnitTest.csproj", "{32EE831B-AD46-48AC-B303-23A6D818B8D5}"
EndProject
Project("{FAE04EC0-301F-11D3-BF4B-00C04F79EFBC}") = "StructuralData", "ExDataManagement\P05.StructuralData\StructuralData\StructuralData.csproj", "{6D6E32E9-E410-4090-9C2F-28A1C57B51CD}"
EndProject
Project("{FAE04EC0-301F-11D3-BF4B-00C04F79EFBC}") = "FunctionalProgramming", "ExDataManagement\P04.FunctionalProgramming\FunctionalProgramming\FunctionalProgramming.csproj", "{920227A0-9C72-4F02-88A8-1DDA048DC2E6}"
EndProject
Project("{FAE04EC0-301F-11D3-BF4B-00C04F79EFBC}") = "FunctionalProgramming.UnitTest", "ExDataManagement\P04.FunctionalProgramming\FunctionalProgramming.UnitTest\FunctionalProgramming.UnitTest.csproj", "{F98ED540-8B3D-46DD-B349-E43473986693}"
EndProject
Project("{FAE04EC0-301F-11D3-BF4B-00C04F79EFBC}") = "DataStreams", "ExDataManagement\P03.DataStreams\DataStreams\DataStreams.csproj", "{173285CE-899A-4CAF-B423-04D11927EBBC}"
EndProject
Project("{FAE04EC0-301F-11D3-BF4B-00C04F79EFBC}") = "DataStreams.UnitTest", "ExDataManagement\P03.DataStreams\DataStreams.UnitTest\DataStreams.UnitTest.csproj", "{65568734-ECF3-487D-AA3C-93BA5E98A3F1}"
EndProject
Project("{FAE04EC0-301F-11D3-BF4B-00C04F79EFBC}") = "Introduction", "ExDataManagement\P01.Introduction\Introduction\Introduction.csproj", "{1D7414EE-46F7-42E9-9814-85AC5B62E5BB}"
EndProject
Project("{FAE04EC0-301F-11D3-BF4B-00C04F79EFBC}") = "Introduction.UnitTest", "ExDataManagement\P01.Introduction\Introduction.UnitTest\Introduction.UnitTest.csproj", "{56613A6C-8A77-437F-A3AD-114556C07745}"
EndProject
Project("{FAE04EC0-301F-11D3-BF4B-00C04F79EFBC}") = "DependencyInjection.Application", "ExDataManagement\P01.Introduction\DependencyInjection.Application\DependencyInjection.Application.csproj", "{39193CC0-E066-4092-8EA5-5EF6571C0839}"
EndProject
Project("{FAE04EC0-301F-11D3-BF4B-00C04F79EFBC}") = "StructuralDataUnitTest", "ExDataManagement\P05.StructuralData\StructuralDataUnitTest\StructuralDataUnitTest.csproj", "{3D981593-31C2-4985-872C-6C2AFF6156F7}"
EndProject
Project("{FAE04EC0-301F-11D3-BF4B-00C04F79EFBC}") = "DataSemantics", "ExDataManagement\P02.DataSemantics\DataSemantics\DataSemantics.csproj", "{7875A015-D30C-431D-A2C4-7010509BDFFC}"
EndProject
Project("{FAE04EC0-301F-11D3-BF4B-00C04F79EFBC}") = "DataSemanticsUnitTest", "ExDataManagement\P02.DataSemantics\DataSemanticsUnitTest\DataSemanticsUnitTest.csproj", "{0C76D1A8-924F-4A93-8000-D5C94FD65F42}"
EndProject
Project("{FAE04EC0-301F-11D3-BF4B-00C04F79EFBC}") = "Common", "Common\Common\Common.csproj", "{E7CB1D42-CECB-4E2A-BC20-D8FA655B2F11}"
EndProject
Global
	GlobalSection(SolutionConfigurationPlatforms) = preSolution
		Debug|Any CPU = Debug|Any CPU
		Release|Any CPU = Release|Any CPU
	EndGlobalSection
	GlobalSection(ProjectConfigurationPlatforms) = postSolution
		{7465F369-E400-4B02-B602-B8A5CD112044}.Debug|Any CPU.ActiveCfg = Debug|Any CPU
		{7465F369-E400-4B02-B602-B8A5CD112044}.Debug|Any CPU.Build.0 = Debug|Any CPU
		{7465F369-E400-4B02-B602-B8A5CD112044}.Release|Any CPU.ActiveCfg = Release|Any CPU
		{7465F369-E400-4B02-B602-B8A5CD112044}.Release|Any CPU.Build.0 = Release|Any CPU
		{32EE831B-AD46-48AC-B303-23A6D818B8D5}.Debug|Any CPU.ActiveCfg = Debug|Any CPU
		{32EE831B-AD46-48AC-B303-23A6D818B8D5}.Debug|Any CPU.Build.0 = Debug|Any CPU
		{32EE831B-AD46-48AC-B303-23A6D818B8D5}.Release|Any CPU.ActiveCfg = Release|Any CPU
		{32EE831B-AD46-48AC-B303-23A6D818B8D5}.Release|Any CPU.Build.0 = Release|Any CPU
		{6D6E32E9-E410-4090-9C2F-28A1C57B51CD}.Debug|Any CPU.ActiveCfg = Debug|Any CPU
		{6D6E32E9-E410-4090-9C2F-28A1C57B51CD}.Debug|Any CPU.Build.0 = Debug|Any CPU
		{6D6E32E9-E410-4090-9C2F-28A1C57B51CD}.Release|Any CPU.ActiveCfg = Release|Any CPU
		{6D6E32E9-E410-4090-9C2F-28A1C57B51CD}.Release|Any CPU.Build.0 = Release|Any CPU
		{920227A0-9C72-4F02-88A8-1DDA048DC2E6}.Debug|Any CPU.ActiveCfg = Debug|Any CPU
		{920227A0-9C72-4F02-88A8-1DDA048DC2E6}.Debug|Any CPU.Build.0 = Debug|Any CPU
		{920227A0-9C72-4F02-88A8-1DDA048DC2E6}.Release|Any CPU.ActiveCfg = Release|Any CPU
		{920227A0-9C72-4F02-88A8-1DDA048DC2E6}.Release|Any CPU.Build.0 = Release|Any CPU
		{F98ED540-8B3D-46DD-B349-E43473986693}.Debug|Any CPU.ActiveCfg = Debug|Any CPU
		{F98ED540-8B3D-46DD-B349-E43473986693}.Debug|Any CPU.Build.0 = Debug|Any CPU
		{F98ED540-8B3D-46DD-B349-E43473986693}.Release|Any CPU.ActiveCfg = Release|Any CPU
		{F98ED540-8B3D-46DD-B349-E43473986693}.Release|Any CPU.Build.0 = Release|Any CPU
		{173285CE-899A-4CAF-B423-04D11927EBBC}.Debug|Any CPU.ActiveCfg = Debug|Any CPU
		{173285CE-899A-4CAF-B423-04D11927EBBC}.Debug|Any CPU.Build.0 = Debug|Any CPU
		{173285CE-899A-4CAF-B423-04D11927EBBC}.Release|Any CPU.ActiveCfg = Release|Any CPU
		{173285CE-899A-4CAF-B423-04D11927EBBC}.Release|Any CPU.Build.0 = Release|Any CPU
		{65568734-ECF3-487D-AA3C-93BA5E98A3F1}.Debug|Any CPU.ActiveCfg = Debug|Any CPU
		{65568734-ECF3-487D-AA3C-93BA5E98A3F1}.Debug|Any CPU.Build.0 = Debug|Any CPU
		{65568734-ECF3-487D-AA3C-93BA5E98A3F1}.Release|Any CPU.ActiveCfg = Release|Any CPU
		{65568734-ECF3-487D-AA3C-93BA5E98A3F1}.Release|Any CPU.Build.0 = Release|Any CPU
		{1D7414EE-46F7-42E9-9814-85AC5B62E5BB}.Debug|Any CPU.ActiveCfg = Debug|Any CPU
		{1D7414EE-46F7-42E9-9814-85AC5B62E5BB}.Debug|Any CPU.Build.0 = Debug|Any CPU
		{1D7414EE-46F7-42E9-9814-85AC5B62E5BB}.Release|Any CPU.ActiveCfg = Release|Any CPU
		{1D7414EE-46F7-42E9-9814-85AC5B62E5BB}.Release|Any CPU.Build.0 = Release|Any CPU
		{56613A6C-8A77-437F-A3AD-114556C07745}.Debug|Any CPU.ActiveCfg = Debug|Any CPU
		{56613A6C-8A77-437F-A3AD-114556C07745}.Debug|Any CPU.Build.0 = Debug|Any CPU
		{56613A6C-8A77-437F-A3AD-114556C07745}.Release|Any CPU.ActiveCfg = Release|Any CPU
		{56613A6C-8A77-437F-A3AD-114556C07745}.Release|Any CPU.Build.0 = Release|Any CPU
		{39193CC0-E066-4092-8EA5-5EF6571C0839}.Debug|Any CPU.ActiveCfg = Debug|Any CPU
		{39193CC0-E066-4092-8EA5-5EF6571C0839}.Debug|Any CPU.Build.0 = Debug|Any CPU
		{39193CC0-E066-4092-8EA5-5EF6571C0839}.Release|Any CPU.ActiveCfg = Release|Any CPU
		{39193CC0-E066-4092-8EA5-5EF6571C0839}.Release|Any CPU.Build.0 = Release|Any CPU
		{3D981593-31C2-4985-872C-6C2AFF6156F7}.Debug|Any CPU.ActiveCfg = Debug|Any CPU
		{3D981593-31C2-4985-872C-6C2AFF6156F7}.Debug|Any CPU.Build.0 = Debug|Any CPU
		{3D981593-31C2-4985-872C-6C2AFF6156F7}.Release|Any CPU.ActiveCfg = Release|Any CPU
		{3D981593-31C2-4985-872C-6C2AFF6156F7}.Release|Any CPU.Build.0 = Release|Any CPU
		{7875A015-D30C-431D-A2C4-7010509BDFFC}.Debug|Any CPU.ActiveCfg = Debug|Any CPU
		{7875A015-D30C-431D-A2C4-7010509BDFFC}.Debug|Any CPU.Build.0 = Debug|Any CPU
		{7875A015-D30C-431D-A2C4-7010509BDFFC}.Release|Any CPU.ActiveCfg = Release|Any CPU
		{7875A015-D30C-431D-A2C4-7010509BDFFC}.Release|Any CPU.Build.0 = Release|Any CPU
		{0C76D1A8-924F-4A93-8000-D5C94FD65F42}.Debug|Any CPU.ActiveCfg = Debug|Any CPU
		{0C76D1A8-924F-4A93-8000-D5C94FD65F42}.Debug|Any CPU.Build.0 = Debug|Any CPU
		{0C76D1A8-924F-4A93-8000-D5C94FD65F42}.Release|Any CPU.ActiveCfg = Release|Any CPU
		{0C76D1A8-924F-4A93-8000-D5C94FD65F42}.Release|Any CPU.Build.0 = Release|Any CPU
		{E7CB1D42-CECB-4E2A-BC20-D8FA655B2F11}.Debug|Any CPU.ActiveCfg = Debug|Any CPU
		{E7CB1D42-CECB-4E2A-BC20-D8FA655B2F11}.Debug|Any CPU.Build.0 = Debug|Any CPU
		{E7CB1D42-CECB-4E2A-BC20-D8FA655B2F11}.Release|Any CPU.ActiveCfg = Release|Any CPU
		{E7CB1D42-CECB-4E2A-BC20-D8FA655B2F11}.Release|Any CPU.Build.0 = Release|Any CPU
	EndGlobalSection
	GlobalSection(SolutionProperties) = preSolution
		HideSolutionNode = FALSE
	EndGlobalSection
	GlobalSection(NestedProjects) = preSolution
		{7465F369-E400-4B02-B602-B8A5CD112044} = {FC29CE65-D5DB-4DE7-A25F-FD8B57E7F99D}
		{32EE831B-AD46-48AC-B303-23A6D818B8D5} = {FC29CE65-D5DB-4DE7-A25F-FD8B57E7F99D}
		{6D6E32E9-E410-4090-9C2F-28A1C57B51CD} = {11C14FD7-D413-4B42-BE5B-E4DD5E9826DB}
		{920227A0-9C72-4F02-88A8-1DDA048DC2E6} = {83AAD2C4-59DE-46EB-9B94-C174E6622E2B}
		{F98ED540-8B3D-46DD-B349-E43473986693} = {83AAD2C4-59DE-46EB-9B94-C174E6622E2B}
		{173285CE-899A-4CAF-B423-04D11927EBBC} = {F055CD0D-5862-49A6-ADF6-6BB5B89025AA}
		{65568734-ECF3-487D-AA3C-93BA5E98A3F1} = {F055CD0D-5862-49A6-ADF6-6BB5B89025AA}
		{1D7414EE-46F7-42E9-9814-85AC5B62E5BB} = {6592B78B-A8DB-4D58-B7D6-5E19E5BF9389}
		{56613A6C-8A77-437F-A3AD-114556C07745} = {6592B78B-A8DB-4D58-B7D6-5E19E5BF9389}
		{39193CC0-E066-4092-8EA5-5EF6571C0839} = {6592B78B-A8DB-4D58-B7D6-5E19E5BF9389}
		{3D981593-31C2-4985-872C-6C2AFF6156F7} = {11C14FD7-D413-4B42-BE5B-E4DD5E9826DB}
		{7875A015-D30C-431D-A2C4-7010509BDFFC} = {1226668D-7283-4485-A6D1-6A4CEF46FC6B}
		{0C76D1A8-924F-4A93-8000-D5C94FD65F42} = {1226668D-7283-4485-A6D1-6A4CEF46FC6B}
		{E7CB1D42-CECB-4E2A-BC20-D8FA655B2F11} = {014A60F6-B923-40AA-B63F-E4C1D826F8C0}
	EndGlobalSection
	GlobalSection(ExtensibilityGlobals) = postSolution
		SolutionGuid = {65AA60A0-3E47-4570-9AAD-40AB900681D6}
	EndGlobalSection
EndGlobal
