
Microsoft Visual Studio Solution File, Format Version 12.00
# Visual Studio 15
VisualStudioVersion = 15.0.27703.2018
MinimumVisualStudioVersion = 10.0.40219.1
Project("{FAE04EC0-301F-11D3-BF4B-00C04F79EFBC}") = "Lecture", "Lecture\Lecture.csproj", "{D22F8E11-330E-4421-BD0D-45BC8E3BDD96}"
EndProject
Project("{2150E333-8FDC-42A3-9474-1A3956D46DE8}") = "Solution Items", "Solution Items", "{014A60F6-B923-40AA-B63F-E4C1D826F8C0}"
	ProjectSection(SolutionItems) = preProject
		README.md = README.md
		..\README.md = ..\README.md
	EndProjectSection
EndProject
Project("{FAE04EC0-301F-11D3-BF4B-00C04F79EFBC}") = "LectureUnitTest", "LectureUnitTest\LectureUnitTest.csproj", "{A593265C-D539-4772-8653-730F4F09FBC8}"
EndProject
Project("{FAE04EC0-301F-11D3-BF4B-00C04F79EFBC}") = "Common", "..\S10-CommonResources\Common\Common.csproj", "{E7CB1D42-CECB-4E2A-BC20-D8FA655B2F11}"
EndProject
Global
	GlobalSection(SolutionConfigurationPlatforms) = preSolution
		Debug|Any CPU = Debug|Any CPU
		Release|Any CPU = Release|Any CPU
	EndGlobalSection
	GlobalSection(ProjectConfigurationPlatforms) = postSolution
		{D22F8E11-330E-4421-BD0D-45BC8E3BDD96}.Debug|Any CPU.ActiveCfg = Debug|Any CPU
		{D22F8E11-330E-4421-BD0D-45BC8E3BDD96}.Debug|Any CPU.Build.0 = Debug|Any CPU
		{D22F8E11-330E-4421-BD0D-45BC8E3BDD96}.Release|Any CPU.ActiveCfg = Release|Any CPU
		{D22F8E11-330E-4421-BD0D-45BC8E3BDD96}.Release|Any CPU.Build.0 = Release|Any CPU
		{A593265C-D539-4772-8653-730F4F09FBC8}.Debug|Any CPU.ActiveCfg = Debug|Any CPU
		{A593265C-D539-4772-8653-730F4F09FBC8}.Debug|Any CPU.Build.0 = Debug|Any CPU
		{A593265C-D539-4772-8653-730F4F09FBC8}.Release|Any CPU.ActiveCfg = Release|Any CPU
		{A593265C-D539-4772-8653-730F4F09FBC8}.Release|Any CPU.Build.0 = Release|Any CPU
		{E7CB1D42-CECB-4E2A-BC20-D8FA655B2F11}.Debug|Any CPU.ActiveCfg = Debug|Any CPU
		{E7CB1D42-CECB-4E2A-BC20-D8FA655B2F11}.Debug|Any CPU.Build.0 = Debug|Any CPU
		{E7CB1D42-CECB-4E2A-BC20-D8FA655B2F11}.Release|Any CPU.ActiveCfg = Release|Any CPU
		{E7CB1D42-CECB-4E2A-BC20-D8FA655B2F11}.Release|Any CPU.Build.0 = Release|Any CPU
	EndGlobalSection
	GlobalSection(SolutionProperties) = preSolution
		HideSolutionNode = FALSE
	EndGlobalSection
	GlobalSection(ExtensibilityGlobals) = postSolution
		SolutionGuid = {65AA60A0-3E47-4570-9AAD-40AB900681D6}
	EndGlobalSection
EndGlobal
