
Microsoft Visual Studio Solution File, Format Version 12.00
# Visual Studio 2012
Project("{FAE04EC0-301F-11D3-BF4B-00C04F79EFBC}") = "CreateXMLFile", "CreateXMLFile.csproj", "{173285CE-899A-4CAF-B423-04D11927EBBC}"
EndProject
Global
	GlobalSection(SolutionConfigurationPlatforms) = preSolution
		Debug|Any CPU = Debug|Any CPU
		Release|Any CPU = Release|Any CPU
	EndGlobalSection
	GlobalSection(ProjectConfigurationPlatforms) = postSolution
		{173285CE-899A-4CAF-B423-04D11927EBBC}.Debug|Any CPU.ActiveCfg = Debug|Any CPU
		{173285CE-899A-4CAF-B423-04D11927EBBC}.Debug|Any CPU.Build.0 = Debug|Any CPU
		{173285CE-899A-4CAF-B423-04D11927EBBC}.Release|Any CPU.ActiveCfg = Release|Any CPU
		{173285CE-899A-4CAF-B423-04D11927EBBC}.Release|Any CPU.Build.0 = Release|Any CPU
	EndGlobalSection
	GlobalSection(SolutionProperties) = preSolution
		HideSolutionNode = FALSE
	EndGlobalSection
EndGlobal
