
Microsoft Visual Studio Solution File, Format Version 12.00
# Visual Studio 14
VisualStudioVersion = 14.0.24720.0
MinimumVisualStudioVersion = 10.0.40219.1
Project("{FAE04EC0-301F-11D3-BF4B-00C04F79EFBC}") = "DependencyInjection", "DependencyInjection\DependencyInjection.csproj", "{1D7414EE-46F7-42E9-9814-85AC5B62E5BB}"
EndProject
Project("{2150E333-8FDC-42A3-9474-1A3956D46DE8}") = "Tests", "Tests", "{2EA63196-46AD-4D8B-AF6E-7D7E4CB85D59}"
EndProject
Project("{FAE04EC0-301F-11D3-BF4B-00C04F79EFBC}") = "DependencyInjectionUnitTest", "DependencyInjectionUnitTest\DependencyInjectionUnitTest.csproj", "{56613A6C-8A77-437F-A3AD-114556C07745}"
EndProject
Project("{FAE04EC0-301F-11D3-BF4B-00C04F79EFBC}") = "DependencyInjectionConsoleApplication", "DependencyInjectionConsoleApplication\DependencyInjectionConsoleApplication.csproj", "{39193CC0-E066-4092-8EA5-5EF6571C0839}"
EndProject
Global
	GlobalSection(SolutionConfigurationPlatforms) = preSolution
		Debug|Any CPU = Debug|Any CPU
		Release|Any CPU = Release|Any CPU
	EndGlobalSection
	GlobalSection(ProjectConfigurationPlatforms) = postSolution
		{1D7414EE-46F7-42E9-9814-85AC5B62E5BB}.Debug|Any CPU.ActiveCfg = Debug|Any CPU
		{1D7414EE-46F7-42E9-9814-85AC5B62E5BB}.Debug|Any CPU.Build.0 = Debug|Any CPU
		{1D7414EE-46F7-42E9-9814-85AC5B62E5BB}.Release|Any CPU.ActiveCfg = Release|Any CPU
		{1D7414EE-46F7-42E9-9814-85AC5B62E5BB}.Release|Any CPU.Build.0 = Release|Any CPU
		{56613A6C-8A77-437F-A3AD-114556C07745}.Debug|Any CPU.ActiveCfg = Debug|Any CPU
		{56613A6C-8A77-437F-A3AD-114556C07745}.Debug|Any CPU.Build.0 = Debug|Any CPU
		{56613A6C-8A77-437F-A3AD-114556C07745}.Release|Any CPU.ActiveCfg = Release|Any CPU
		{56613A6C-8A77-437F-A3AD-114556C07745}.Release|Any CPU.Build.0 = Release|Any CPU
		{39193CC0-E066-4092-8EA5-5EF6571C0839}.Debug|Any CPU.ActiveCfg = Debug|Any CPU
		{39193CC0-E066-4092-8EA5-5EF6571C0839}.Debug|Any CPU.Build.0 = Debug|Any CPU
		{39193CC0-E066-4092-8EA5-5EF6571C0839}.Release|Any CPU.ActiveCfg = Release|Any CPU
		{39193CC0-E066-4092-8EA5-5EF6571C0839}.Release|Any CPU.Build.0 = Release|Any CPU
	EndGlobalSection
	GlobalSection(SolutionProperties) = preSolution
		HideSolutionNode = FALSE
	EndGlobalSection
	GlobalSection(NestedProjects) = preSolution
		{56613A6C-8A77-437F-A3AD-114556C07745} = {2EA63196-46AD-4D8B-AF6E-7D7E4CB85D59}
	EndGlobalSection
EndGlobal
