
Microsoft Visual Studio Solution File, Format Version 12.00
# Visual Studio Version 17
VisualStudioVersion = 17.0.32112.339
MinimumVisualStudioVersion = 10.0.40219.1
Project("{9A19103F-16F7-4668-BE54-9A1E7A4F7556}") = "Threading", "Threading\Threading.csproj", "{048964DB-DD76-4E44-8944-819336DE6FFB}"
EndProject
Project("{FAE04EC0-301F-11D3-BF4B-00C04F79EFBC}") = "ThreadingUnitTest", "ThreadingUnitTest\ThreadingUnitTest.csproj", "{EEA36658-FEC8-44E1-BC27-5873A1E6F4E7}"
EndProject
Project("{2150E333-8FDC-42A3-9474-1A3956D46DE8}") = "01-Introduction", "01-Introduction", "{714FF0A4-62BB-4299-A636-A271FD362B9D}"
	ProjectSection(SolutionItems) = preProject
		README.md = README.md
		..\README.md = ..\README.md
	EndProjectSection
EndProject
Project("{2150E333-8FDC-42A3-9474-1A3956D46DE8}") = "ReactiveInteractiveUserInterface", "ReactiveInteractiveUserInterface", "{C3B041B9-20C2-4920-B0E5-CFE5784FC6E4}"
EndProject
Project("{9A19103F-16F7-4668-BE54-9A1E7A4F7556}") = "PresentationView", "ReactiveInteractiveUserInterface\GraphicalUserInterface\PresentationView.csproj", "{0109D5AC-DA81-4E6E-AA70-D4AF4B7A10D1}"
EndProject
Project("{9A19103F-16F7-4668-BE54-9A1E7A4F7556}") = "PresentationViewModel", "ReactiveInteractiveUserInterface\PresentationViewModel\PresentationViewModel.csproj", "{B2380645-D767-4E38-835A-3CA87C22CD20}"
EndProject
Project("{9A19103F-16F7-4668-BE54-9A1E7A4F7556}") = "PresentationModel", "PresentationModel\PresentationModel.csproj", "{A106D92E-B514-4FC0-BDE4-5DE1B8590060}"
EndProject
Project("{9A19103F-16F7-4668-BE54-9A1E7A4F7556}") = "PresentationViewModelTest", "PresentationViewModelTest\PresentationViewModelTest.csproj", "{552FA4FE-BF99-4395-8BA5-CEDD87857DA5}"
EndProject
Project("{2150E333-8FDC-42A3-9474-1A3956D46DE8}") = "02-Fundamentals", "02-Fundamentals", "{9CD92A26-3971-4BB6-A246-02DD0BE3EDE5}"
EndProject
Project("{2150E333-8FDC-42A3-9474-1A3956D46DE8}") = "03-CommonDataConsistency", "03-CommonDataConsistency", "{827AC87B-E6C6-422A-A8EA-A8A06835E7ED}"
EndProject
Project("{2150E333-8FDC-42A3-9474-1A3956D46DE8}") = "04-Synchronization", "04-Synchronization", "{6D532753-A18A-4AB7-8A6A-830F6668B744}"
EndProject
Project("{2150E333-8FDC-42A3-9474-1A3956D46DE8}") = "05-Communication", "05-Communication", "{20429409-B6E9-4781-B409-A0A09A59BFB1}"
EndProject
Project("{2150E333-8FDC-42A3-9474-1A3956D46DE8}") = "06-Real-TimeProgramming", "06-Real-TimeProgramming", "{4DF351E7-784A-46BE-8583-C03C8A5AA9AA}"
EndProject
Project("{9A19103F-16F7-4668-BE54-9A1E7A4F7556}") = "Fundamentals", "Fundamentals\Fundamentals.csproj", "{D656C8BE-A19F-4D90-85F5-3C23195B33AA}"
EndProject
Project("{9A19103F-16F7-4668-BE54-9A1E7A4F7556}") = "CommonDataConsistency", "CommonDataConsistency\CommonDataConsistency.csproj", "{1CCA366E-1D6A-4449-9346-53CE90F4EFE1}"
EndProject
Project("{9A19103F-16F7-4668-BE54-9A1E7A4F7556}") = "Synchronization", "Synchronization\Synchronization.csproj", "{AE932064-1C42-42F3-AF7F-31103690C234}"
EndProject
Project("{9A19103F-16F7-4668-BE54-9A1E7A4F7556}") = "Communication", "Communication\Communication.csproj", "{1B46B056-D61C-4D43-99E2-5A6F2942A382}"
EndProject
Project("{FAE04EC0-301F-11D3-BF4B-00C04F79EFBC}") = "RealTimeProgramming", "RealTimeProgramming\RealTimeProgramming.csproj", "{B634E80A-9634-4D88-B4EC-E59DB5C46E0C}"
EndProject
Global
	GlobalSection(SolutionConfigurationPlatforms) = preSolution
		Debug|Any CPU = Debug|Any CPU
		Release|Any CPU = Release|Any CPU
	EndGlobalSection
	GlobalSection(ProjectConfigurationPlatforms) = postSolution
		{048964DB-DD76-4E44-8944-819336DE6FFB}.Debug|Any CPU.ActiveCfg = Debug|Any CPU
		{048964DB-DD76-4E44-8944-819336DE6FFB}.Debug|Any CPU.Build.0 = Debug|Any CPU
		{048964DB-DD76-4E44-8944-819336DE6FFB}.Release|Any CPU.ActiveCfg = Release|Any CPU
		{048964DB-DD76-4E44-8944-819336DE6FFB}.Release|Any CPU.Build.0 = Release|Any CPU
		{EEA36658-FEC8-44E1-BC27-5873A1E6F4E7}.Debug|Any CPU.ActiveCfg = Debug|Any CPU
		{EEA36658-FEC8-44E1-BC27-5873A1E6F4E7}.Debug|Any CPU.Build.0 = Debug|Any CPU
		{EEA36658-FEC8-44E1-BC27-5873A1E6F4E7}.Release|Any CPU.ActiveCfg = Release|Any CPU
		{EEA36658-FEC8-44E1-BC27-5873A1E6F4E7}.Release|Any CPU.Build.0 = Release|Any CPU
		{0109D5AC-DA81-4E6E-AA70-D4AF4B7A10D1}.Debug|Any CPU.ActiveCfg = Debug|Any CPU
		{0109D5AC-DA81-4E6E-AA70-D4AF4B7A10D1}.Debug|Any CPU.Build.0 = Debug|Any CPU
		{0109D5AC-DA81-4E6E-AA70-D4AF4B7A10D1}.Release|Any CPU.ActiveCfg = Release|Any CPU
		{0109D5AC-DA81-4E6E-AA70-D4AF4B7A10D1}.Release|Any CPU.Build.0 = Release|Any CPU
		{B2380645-D767-4E38-835A-3CA87C22CD20}.Debug|Any CPU.ActiveCfg = Debug|Any CPU
		{B2380645-D767-4E38-835A-3CA87C22CD20}.Debug|Any CPU.Build.0 = Debug|Any CPU
		{B2380645-D767-4E38-835A-3CA87C22CD20}.Release|Any CPU.ActiveCfg = Release|Any CPU
		{B2380645-D767-4E38-835A-3CA87C22CD20}.Release|Any CPU.Build.0 = Release|Any CPU
		{A106D92E-B514-4FC0-BDE4-5DE1B8590060}.Debug|Any CPU.ActiveCfg = Debug|Any CPU
		{A106D92E-B514-4FC0-BDE4-5DE1B8590060}.Debug|Any CPU.Build.0 = Debug|Any CPU
		{A106D92E-B514-4FC0-BDE4-5DE1B8590060}.Release|Any CPU.ActiveCfg = Release|Any CPU
		{A106D92E-B514-4FC0-BDE4-5DE1B8590060}.Release|Any CPU.Build.0 = Release|Any CPU
		{552FA4FE-BF99-4395-8BA5-CEDD87857DA5}.Debug|Any CPU.ActiveCfg = Debug|Any CPU
		{552FA4FE-BF99-4395-8BA5-CEDD87857DA5}.Debug|Any CPU.Build.0 = Debug|Any CPU
		{552FA4FE-BF99-4395-8BA5-CEDD87857DA5}.Release|Any CPU.ActiveCfg = Release|Any CPU
		{552FA4FE-BF99-4395-8BA5-CEDD87857DA5}.Release|Any CPU.Build.0 = Release|Any CPU
		{D656C8BE-A19F-4D90-85F5-3C23195B33AA}.Debug|Any CPU.ActiveCfg = Debug|Any CPU
		{D656C8BE-A19F-4D90-85F5-3C23195B33AA}.Debug|Any CPU.Build.0 = Debug|Any CPU
		{D656C8BE-A19F-4D90-85F5-3C23195B33AA}.Release|Any CPU.ActiveCfg = Release|Any CPU
		{D656C8BE-A19F-4D90-85F5-3C23195B33AA}.Release|Any CPU.Build.0 = Release|Any CPU
		{1CCA366E-1D6A-4449-9346-53CE90F4EFE1}.Debug|Any CPU.ActiveCfg = Debug|Any CPU
		{1CCA366E-1D6A-4449-9346-53CE90F4EFE1}.Debug|Any CPU.Build.0 = Debug|Any CPU
		{1CCA366E-1D6A-4449-9346-53CE90F4EFE1}.Release|Any CPU.ActiveCfg = Release|Any CPU
		{1CCA366E-1D6A-4449-9346-53CE90F4EFE1}.Release|Any CPU.Build.0 = Release|Any CPU
		{AE932064-1C42-42F3-AF7F-31103690C234}.Debug|Any CPU.ActiveCfg = Debug|Any CPU
		{AE932064-1C42-42F3-AF7F-31103690C234}.Debug|Any CPU.Build.0 = Debug|Any CPU
		{AE932064-1C42-42F3-AF7F-31103690C234}.Release|Any CPU.ActiveCfg = Release|Any CPU
		{AE932064-1C42-42F3-AF7F-31103690C234}.Release|Any CPU.Build.0 = Release|Any CPU
		{1B46B056-D61C-4D43-99E2-5A6F2942A382}.Debug|Any CPU.ActiveCfg = Debug|Any CPU
		{1B46B056-D61C-4D43-99E2-5A6F2942A382}.Debug|Any CPU.Build.0 = Debug|Any CPU
		{1B46B056-D61C-4D43-99E2-5A6F2942A382}.Release|Any CPU.ActiveCfg = Release|Any CPU
		{1B46B056-D61C-4D43-99E2-5A6F2942A382}.Release|Any CPU.Build.0 = Release|Any CPU
		{B634E80A-9634-4D88-B4EC-E59DB5C46E0C}.Debug|Any CPU.ActiveCfg = Debug|Any CPU
		{B634E80A-9634-4D88-B4EC-E59DB5C46E0C}.Debug|Any CPU.Build.0 = Debug|Any CPU
		{B634E80A-9634-4D88-B4EC-E59DB5C46E0C}.Release|Any CPU.ActiveCfg = Release|Any CPU
		{B634E80A-9634-4D88-B4EC-E59DB5C46E0C}.Release|Any CPU.Build.0 = Release|Any CPU
	EndGlobalSection
	GlobalSection(SolutionProperties) = preSolution
		HideSolutionNode = FALSE
	EndGlobalSection
	GlobalSection(NestedProjects) = preSolution
		{0109D5AC-DA81-4E6E-AA70-D4AF4B7A10D1} = {C3B041B9-20C2-4920-B0E5-CFE5784FC6E4}
		{B2380645-D767-4E38-835A-3CA87C22CD20} = {C3B041B9-20C2-4920-B0E5-CFE5784FC6E4}
		{A106D92E-B514-4FC0-BDE4-5DE1B8590060} = {C3B041B9-20C2-4920-B0E5-CFE5784FC6E4}
		{552FA4FE-BF99-4395-8BA5-CEDD87857DA5} = {C3B041B9-20C2-4920-B0E5-CFE5784FC6E4}
		{D656C8BE-A19F-4D90-85F5-3C23195B33AA} = {9CD92A26-3971-4BB6-A246-02DD0BE3EDE5}
		{1CCA366E-1D6A-4449-9346-53CE90F4EFE1} = {827AC87B-E6C6-422A-A8EA-A8A06835E7ED}
		{AE932064-1C42-42F3-AF7F-31103690C234} = {6D532753-A18A-4AB7-8A6A-830F6668B744}
		{1B46B056-D61C-4D43-99E2-5A6F2942A382} = {20429409-B6E9-4781-B409-A0A09A59BFB1}
		{B634E80A-9634-4D88-B4EC-E59DB5C46E0C} = {4DF351E7-784A-46BE-8583-C03C8A5AA9AA}
	EndGlobalSection
	GlobalSection(ExtensibilityGlobals) = postSolution
		SolutionGuid = {4ACB1EF2-3819-4CE2-9F11-F8DBD7CDDFEC}
	EndGlobalSection
EndGlobal
