
Microsoft Visual Studio Solution File, Format Version 12.00
# Visual Studio Version 17
VisualStudioVersion = 17.0.32112.339
MinimumVisualStudioVersion = 10.0.40219.1
Project("{2150E333-8FDC-42A3-9474-1A3956D46DE8}") = "01-Introduction", "01-Introduction", "{714FF0A4-62BB-4299-A636-A271FD362B9D}"
EndProject
Project("{2150E333-8FDC-42A3-9474-1A3956D46DE8}") = "ReferenceApplicationArchitecture", "ReferenceApplicationArchitecture", "{C3B041B9-20C2-4920-B0E5-CFE5784FC6E4}"
EndProject
Project("{9A19103F-16F7-4668-BE54-9A1E7A4F7556}") = "PresentationView", "ReactiveInteractiveUserInterface\GraphicalUserInterface\PresentationView.csproj", "{0109D5AC-DA81-4E6E-AA70-D4AF4B7A10D1}"
EndProject
Project("{9A19103F-16F7-4668-BE54-9A1E7A4F7556}") = "PresentationViewModel", "ReactiveInteractiveUserInterface\PresentationViewModel\PresentationViewModel.csproj", "{B2380645-D767-4E38-835A-3CA87C22CD20}"
EndProject
Project("{2150E333-8FDC-42A3-9474-1A3956D46DE8}") = "02-Fundamentals", "02-Fundamentals", "{9CD92A26-3971-4BB6-A246-02DD0BE3EDE5}"
EndProject
Project("{2150E333-8FDC-42A3-9474-1A3956D46DE8}") = "03-CommonDataConsistency", "03-CommonDataConsistency", "{827AC87B-E6C6-422A-A8EA-A8A06835E7ED}"
EndProject
Project("{2150E333-8FDC-42A3-9474-1A3956D46DE8}") = "04-Synchronization", "04-Synchronization", "{6D532753-A18A-4AB7-8A6A-830F6668B744}"
EndProject
Project("{2150E333-8FDC-42A3-9474-1A3956D46DE8}") = "05-Communication", "05-Communication", "{20429409-B6E9-4781-B409-A0A09A59BFB1}"
EndProject
Project("{2150E333-8FDC-42A3-9474-1A3956D46DE8}") = "06-Real-TimeProgramming", "06-Real-TimeProgramming", "{4DF351E7-784A-46BE-8583-C03C8A5AA9AA}"
EndProject
Project("{9A19103F-16F7-4668-BE54-9A1E7A4F7556}") = "Fundamentals", "Fundamentals\Fundamentals.csproj", "{D656C8BE-A19F-4D90-85F5-3C23195B33AA}"
EndProject
Project("{9A19103F-16F7-4668-BE54-9A1E7A4F7556}") = "CommonDataConsistency", "CommonDataConsistency\CommonDataConsistency.csproj", "{1CCA366E-1D6A-4449-9346-53CE90F4EFE1}"
EndProject
Project("{9A19103F-16F7-4668-BE54-9A1E7A4F7556}") = "Synchronization", "Synchronization\Synchronization.csproj", "{AE932064-1C42-42F3-AF7F-31103690C234}"
EndProject
Project("{9A19103F-16F7-4668-BE54-9A1E7A4F7556}") = "Communication", "Communication\Communication.csproj", "{1B46B056-D61C-4D43-99E2-5A6F2942A382}"
EndProject
Project("{9A19103F-16F7-4668-BE54-9A1E7A4F7556}") = "RealTimeProgramming", "RealTimeProgramming\RealTimeProgramming.csproj", "{B634E80A-9634-4D88-B4EC-E59DB5C46E0C}"
EndProject
Project("{9A19103F-16F7-4668-BE54-9A1E7A4F7556}") = "FundamentalsTest", "FundamentalsTest\FundamentalsTest.csproj", "{5644D643-F468-4A8D-9201-0A82DEF881AB}"
EndProject
Project("{9A19103F-16F7-4668-BE54-9A1E7A4F7556}") = "PresentationModelTest", "ReactiveInteractiveUserInterface\PresentationModelTest\PresentationModelTest.csproj", "{51FE83FF-A0DF-4622-BBAF-78EA62BD2907}"
EndProject
Project("{2150E333-8FDC-42A3-9474-1A3956D46DE8}") = ".Solution", ".Solution", "{DE3FD7B3-8549-40D7-9515-C8C5E02F9DB8}"
	ProjectSection(SolutionItems) = preProject
		..\README.md = ..\README.md
	EndProjectSection
EndProject
Project("{2150E333-8FDC-42A3-9474-1A3956D46DE8}") = ".Project", ".Project", "{16A93E74-367C-42CC-A7C6-282B7594FDE9}"
	ProjectSection(SolutionItems) = preProject
		README.md = README.md
	EndProjectSection
EndProject
Project("{9A19103F-16F7-4668-BE54-9A1E7A4F7556}") = "CommonDataConsistencyUnitTest", "CommonDataConsistencyUnitTest\CommonDataConsistencyUnitTest.csproj", "{76CD1D47-4B5A-48B8-B8C0-A8BF2041B42B}"
EndProject
Project("{9A19103F-16F7-4668-BE54-9A1E7A4F7556}") = "PresentationViewModelTest", "ReactiveInteractiveUserInterface\PresentationViewModelTest\PresentationViewModelTest.csproj", "{8F68B3AE-490D-4B8D-A2C8-421E1D0DD6B2}"
EndProject
Project("{9A19103F-16F7-4668-BE54-9A1E7A4F7556}") = "Data", "ReactiveInteractiveUserInterface\Data\Data.csproj", "{3AA27DB8-F9C6-4587-8290-0FC0FEC69AC2}"
EndProject
Project("{9A19103F-16F7-4668-BE54-9A1E7A4F7556}") = "PresentationModel", "ReactiveInteractiveUserInterface\PresentationModel\PresentationModel.csproj", "{9B39E905-6C7C-4F2B-BD7A-77B7E3893F59}"
EndProject
Project("{9A19103F-16F7-4668-BE54-9A1E7A4F7556}") = "BusinessLogic", "ReactiveInteractiveUserInterface\BusinessLogic\BusinessLogic.csproj", "{BE3CC0CD-F262-4122-B7C7-F37EEB8F3C48}"
EndProject
Project("{9A19103F-16F7-4668-BE54-9A1E7A4F7556}") = "BusinessLogicTest", "ReactiveInteractiveUserInterface\BusinessLogicTest\BusinessLogicTest.csproj", "{8760446B-8BD6-4254-9977-475EAEE45B0B}"
EndProject
Project("{9A19103F-16F7-4668-BE54-9A1E7A4F7556}") = "DataTest", "ReactiveInteractiveUserInterface\DataTest\DataTest.csproj", "{FD3FA340-EB7B-4037-B3AB-710E6817AC9D}"
EndProject
Project("{FAE04EC0-301F-11D3-BF4B-00C04F79EFBC}") = "SynchronizationTest", "SynchronizationTest\SynchronizationTest.csproj", "{EB493346-6735-4F21-9D42-442778A7B3E2}"
EndProject
Project("{FAE04EC0-301F-11D3-BF4B-00C04F79EFBC}") = "CommunicationTest", "CommunicationTest\CommunicationTest.csproj", "{CBAA9B93-A98C-4545-B950-CACF033ECF9C}"
EndProject
Global
	GlobalSection(SolutionConfigurationPlatforms) = preSolution
		Debug|Any CPU = Debug|Any CPU
		Release|Any CPU = Release|Any CPU
	EndGlobalSection
	GlobalSection(ProjectConfigurationPlatforms) = postSolution
		{0109D5AC-DA81-4E6E-AA70-D4AF4B7A10D1}.Debug|Any CPU.ActiveCfg = Debug|Any CPU
		{0109D5AC-DA81-4E6E-AA70-D4AF4B7A10D1}.Debug|Any CPU.Build.0 = Debug|Any CPU
		{0109D5AC-DA81-4E6E-AA70-D4AF4B7A10D1}.Release|Any CPU.ActiveCfg = Release|Any CPU
		{0109D5AC-DA81-4E6E-AA70-D4AF4B7A10D1}.Release|Any CPU.Build.0 = Release|Any CPU
		{B2380645-D767-4E38-835A-3CA87C22CD20}.Debug|Any CPU.ActiveCfg = Debug|Any CPU
		{B2380645-D767-4E38-835A-3CA87C22CD20}.Debug|Any CPU.Build.0 = Debug|Any CPU
		{B2380645-D767-4E38-835A-3CA87C22CD20}.Release|Any CPU.ActiveCfg = Release|Any CPU
		{B2380645-D767-4E38-835A-3CA87C22CD20}.Release|Any CPU.Build.0 = Release|Any CPU
		{D656C8BE-A19F-4D90-85F5-3C23195B33AA}.Debug|Any CPU.ActiveCfg = Debug|Any CPU
		{D656C8BE-A19F-4D90-85F5-3C23195B33AA}.Debug|Any CPU.Build.0 = Debug|Any CPU
		{D656C8BE-A19F-4D90-85F5-3C23195B33AA}.Release|Any CPU.ActiveCfg = Release|Any CPU
		{D656C8BE-A19F-4D90-85F5-3C23195B33AA}.Release|Any CPU.Build.0 = Release|Any CPU
		{1CCA366E-1D6A-4449-9346-53CE90F4EFE1}.Debug|Any CPU.ActiveCfg = Debug|Any CPU
		{1CCA366E-1D6A-4449-9346-53CE90F4EFE1}.Debug|Any CPU.Build.0 = Debug|Any CPU
		{1CCA366E-1D6A-4449-9346-53CE90F4EFE1}.Release|Any CPU.ActiveCfg = Release|Any CPU
		{1CCA366E-1D6A-4449-9346-53CE90F4EFE1}.Release|Any CPU.Build.0 = Release|Any CPU
		{AE932064-1C42-42F3-AF7F-31103690C234}.Debug|Any CPU.ActiveCfg = Debug|Any CPU
		{AE932064-1C42-42F3-AF7F-31103690C234}.Debug|Any CPU.Build.0 = Debug|Any CPU
		{AE932064-1C42-42F3-AF7F-31103690C234}.Release|Any CPU.ActiveCfg = Release|Any CPU
		{AE932064-1C42-42F3-AF7F-31103690C234}.Release|Any CPU.Build.0 = Release|Any CPU
		{1B46B056-D61C-4D43-99E2-5A6F2942A382}.Debug|Any CPU.ActiveCfg = Debug|Any CPU
		{1B46B056-D61C-4D43-99E2-5A6F2942A382}.Debug|Any CPU.Build.0 = Debug|Any CPU
		{1B46B056-D61C-4D43-99E2-5A6F2942A382}.Release|Any CPU.ActiveCfg = Release|Any CPU
		{1B46B056-D61C-4D43-99E2-5A6F2942A382}.Release|Any CPU.Build.0 = Release|Any CPU
		{B634E80A-9634-4D88-B4EC-E59DB5C46E0C}.Debug|Any CPU.ActiveCfg = Debug|Any CPU
		{B634E80A-9634-4D88-B4EC-E59DB5C46E0C}.Debug|Any CPU.Build.0 = Debug|Any CPU
		{B634E80A-9634-4D88-B4EC-E59DB5C46E0C}.Release|Any CPU.ActiveCfg = Release|Any CPU
		{B634E80A-9634-4D88-B4EC-E59DB5C46E0C}.Release|Any CPU.Build.0 = Release|Any CPU
		{5644D643-F468-4A8D-9201-0A82DEF881AB}.Debug|Any CPU.ActiveCfg = Debug|Any CPU
		{5644D643-F468-4A8D-9201-0A82DEF881AB}.Debug|Any CPU.Build.0 = Debug|Any CPU
		{5644D643-F468-4A8D-9201-0A82DEF881AB}.Release|Any CPU.ActiveCfg = Release|Any CPU
		{5644D643-F468-4A8D-9201-0A82DEF881AB}.Release|Any CPU.Build.0 = Release|Any CPU
		{51FE83FF-A0DF-4622-BBAF-78EA62BD2907}.Debug|Any CPU.ActiveCfg = Debug|Any CPU
		{51FE83FF-A0DF-4622-BBAF-78EA62BD2907}.Debug|Any CPU.Build.0 = Debug|Any CPU
		{51FE83FF-A0DF-4622-BBAF-78EA62BD2907}.Release|Any CPU.ActiveCfg = Release|Any CPU
		{51FE83FF-A0DF-4622-BBAF-78EA62BD2907}.Release|Any CPU.Build.0 = Release|Any CPU
		{76CD1D47-4B5A-48B8-B8C0-A8BF2041B42B}.Debug|Any CPU.ActiveCfg = Debug|Any CPU
		{76CD1D47-4B5A-48B8-B8C0-A8BF2041B42B}.Debug|Any CPU.Build.0 = Debug|Any CPU
		{76CD1D47-4B5A-48B8-B8C0-A8BF2041B42B}.Release|Any CPU.ActiveCfg = Release|Any CPU
		{76CD1D47-4B5A-48B8-B8C0-A8BF2041B42B}.Release|Any CPU.Build.0 = Release|Any CPU
		{8F68B3AE-490D-4B8D-A2C8-421E1D0DD6B2}.Debug|Any CPU.ActiveCfg = Debug|Any CPU
		{8F68B3AE-490D-4B8D-A2C8-421E1D0DD6B2}.Debug|Any CPU.Build.0 = Debug|Any CPU
		{8F68B3AE-490D-4B8D-A2C8-421E1D0DD6B2}.Release|Any CPU.ActiveCfg = Release|Any CPU
		{8F68B3AE-490D-4B8D-A2C8-421E1D0DD6B2}.Release|Any CPU.Build.0 = Release|Any CPU
		{3AA27DB8-F9C6-4587-8290-0FC0FEC69AC2}.Debug|Any CPU.ActiveCfg = Debug|Any CPU
		{3AA27DB8-F9C6-4587-8290-0FC0FEC69AC2}.Debug|Any CPU.Build.0 = Debug|Any CPU
		{3AA27DB8-F9C6-4587-8290-0FC0FEC69AC2}.Release|Any CPU.ActiveCfg = Release|Any CPU
		{3AA27DB8-F9C6-4587-8290-0FC0FEC69AC2}.Release|Any CPU.Build.0 = Release|Any CPU
		{9B39E905-6C7C-4F2B-BD7A-77B7E3893F59}.Debug|Any CPU.ActiveCfg = Debug|Any CPU
		{9B39E905-6C7C-4F2B-BD7A-77B7E3893F59}.Debug|Any CPU.Build.0 = Debug|Any CPU
		{9B39E905-6C7C-4F2B-BD7A-77B7E3893F59}.Release|Any CPU.ActiveCfg = Release|Any CPU
		{9B39E905-6C7C-4F2B-BD7A-77B7E3893F59}.Release|Any CPU.Build.0 = Release|Any CPU
		{BE3CC0CD-F262-4122-B7C7-F37EEB8F3C48}.Debug|Any CPU.ActiveCfg = Debug|Any CPU
		{BE3CC0CD-F262-4122-B7C7-F37EEB8F3C48}.Debug|Any CPU.Build.0 = Debug|Any CPU
		{BE3CC0CD-F262-4122-B7C7-F37EEB8F3C48}.Release|Any CPU.ActiveCfg = Release|Any CPU
		{BE3CC0CD-F262-4122-B7C7-F37EEB8F3C48}.Release|Any CPU.Build.0 = Release|Any CPU
		{8760446B-8BD6-4254-9977-475EAEE45B0B}.Debug|Any CPU.ActiveCfg = Debug|Any CPU
		{8760446B-8BD6-4254-9977-475EAEE45B0B}.Debug|Any CPU.Build.0 = Debug|Any CPU
		{8760446B-8BD6-4254-9977-475EAEE45B0B}.Release|Any CPU.ActiveCfg = Release|Any CPU
		{8760446B-8BD6-4254-9977-475EAEE45B0B}.Release|Any CPU.Build.0 = Release|Any CPU
		{FD3FA340-EB7B-4037-B3AB-710E6817AC9D}.Debug|Any CPU.ActiveCfg = Debug|Any CPU
		{FD3FA340-EB7B-4037-B3AB-710E6817AC9D}.Debug|Any CPU.Build.0 = Debug|Any CPU
		{FD3FA340-EB7B-4037-B3AB-710E6817AC9D}.Release|Any CPU.ActiveCfg = Release|Any CPU
		{FD3FA340-EB7B-4037-B3AB-710E6817AC9D}.Release|Any CPU.Build.0 = Release|Any CPU
		{EB493346-6735-4F21-9D42-442778A7B3E2}.Debug|Any CPU.ActiveCfg = Debug|Any CPU
		{EB493346-6735-4F21-9D42-442778A7B3E2}.Debug|Any CPU.Build.0 = Debug|Any CPU
		{EB493346-6735-4F21-9D42-442778A7B3E2}.Release|Any CPU.ActiveCfg = Release|Any CPU
		{EB493346-6735-4F21-9D42-442778A7B3E2}.Release|Any CPU.Build.0 = Release|Any CPU
		{CBAA9B93-A98C-4545-B950-CACF033ECF9C}.Debug|Any CPU.ActiveCfg = Debug|Any CPU
		{CBAA9B93-A98C-4545-B950-CACF033ECF9C}.Debug|Any CPU.Build.0 = Debug|Any CPU
		{CBAA9B93-A98C-4545-B950-CACF033ECF9C}.Release|Any CPU.ActiveCfg = Release|Any CPU
		{CBAA9B93-A98C-4545-B950-CACF033ECF9C}.Release|Any CPU.Build.0 = Release|Any CPU
	EndGlobalSection
	GlobalSection(SolutionProperties) = preSolution
		HideSolutionNode = FALSE
	EndGlobalSection
	GlobalSection(NestedProjects) = preSolution
		{C3B041B9-20C2-4920-B0E5-CFE5784FC6E4} = {714FF0A4-62BB-4299-A636-A271FD362B9D}
		{0109D5AC-DA81-4E6E-AA70-D4AF4B7A10D1} = {C3B041B9-20C2-4920-B0E5-CFE5784FC6E4}
		{B2380645-D767-4E38-835A-3CA87C22CD20} = {C3B041B9-20C2-4920-B0E5-CFE5784FC6E4}
		{D656C8BE-A19F-4D90-85F5-3C23195B33AA} = {9CD92A26-3971-4BB6-A246-02DD0BE3EDE5}
		{1CCA366E-1D6A-4449-9346-53CE90F4EFE1} = {827AC87B-E6C6-422A-A8EA-A8A06835E7ED}
		{AE932064-1C42-42F3-AF7F-31103690C234} = {6D532753-A18A-4AB7-8A6A-830F6668B744}
		{1B46B056-D61C-4D43-99E2-5A6F2942A382} = {20429409-B6E9-4781-B409-A0A09A59BFB1}
		{B634E80A-9634-4D88-B4EC-E59DB5C46E0C} = {4DF351E7-784A-46BE-8583-C03C8A5AA9AA}
		{5644D643-F468-4A8D-9201-0A82DEF881AB} = {9CD92A26-3971-4BB6-A246-02DD0BE3EDE5}
		{51FE83FF-A0DF-4622-BBAF-78EA62BD2907} = {C3B041B9-20C2-4920-B0E5-CFE5784FC6E4}
		{76CD1D47-4B5A-48B8-B8C0-A8BF2041B42B} = {827AC87B-E6C6-422A-A8EA-A8A06835E7ED}
		{8F68B3AE-490D-4B8D-A2C8-421E1D0DD6B2} = {C3B041B9-20C2-4920-B0E5-CFE5784FC6E4}
		{3AA27DB8-F9C6-4587-8290-0FC0FEC69AC2} = {C3B041B9-20C2-4920-B0E5-CFE5784FC6E4}
		{9B39E905-6C7C-4F2B-BD7A-77B7E3893F59} = {C3B041B9-20C2-4920-B0E5-CFE5784FC6E4}
		{BE3CC0CD-F262-4122-B7C7-F37EEB8F3C48} = {C3B041B9-20C2-4920-B0E5-CFE5784FC6E4}
		{8760446B-8BD6-4254-9977-475EAEE45B0B} = {C3B041B9-20C2-4920-B0E5-CFE5784FC6E4}
		{FD3FA340-EB7B-4037-B3AB-710E6817AC9D} = {C3B041B9-20C2-4920-B0E5-CFE5784FC6E4}
		{EB493346-6735-4F21-9D42-442778A7B3E2} = {6D532753-A18A-4AB7-8A6A-830F6668B744}
		{CBAA9B93-A98C-4545-B950-CACF033ECF9C} = {20429409-B6E9-4781-B409-A0A09A59BFB1}
	EndGlobalSection
	GlobalSection(ExtensibilityGlobals) = postSolution
		SolutionGuid = {4ACB1EF2-3819-4CE2-9F11-F8DBD7CDDFEC}
	EndGlobalSection
EndGlobal
