
Microsoft Visual Studio Solution File, Format Version 12.00
# Visual Studio 15
VisualStudioVersion = 15.0.28307.1062
MinimumVisualStudioVersion = 10.0.40219.1
Project("{2150E333-8FDC-42A3-9474-1A3956D46DE8}") = "MobileApplication", "MobileApplication", "{01A29866-2A9E-42BC-B515-11BAB72ECD0E}"
EndProject
Project("{2150E333-8FDC-42A3-9474-1A3956D46DE8}") = "AsynchronousProgramming", "AsynchronousProgramming", "{007513A2-047A-4B60-AEDE-3EABB8D2EE50}"
EndProject
Project("{2150E333-8FDC-42A3-9474-1A3956D46DE8}") = "Communication", "Communication", "{31DC6364-C52A-472E-B4F1-8AF504872AF0}"
EndProject
Project("{2150E333-8FDC-42A3-9474-1A3956D46DE8}") = "SemanticData", "SemanticData", "{D9CAA4D9-6116-4094-8DBA-5FD55622091F}"
EndProject
Project("{2150E333-8FDC-42A3-9474-1A3956D46DE8}") = "Cloud", "Cloud", "{1F75D809-B70C-4954-98D4-1A2B8202A31C}"
EndProject
Project("{2150E333-8FDC-42A3-9474-1A3956D46DE8}") = "Security", "Security", "{3211063A-5101-4DDC-BA20-B34FFD22EE0D}"
EndProject
Project("{2150E333-8FDC-42A3-9474-1A3956D46DE8}") = "Solution Items", "Solution Items", "{B4A26338-9861-4407-940D-E117CDAE1B41}"
	ProjectSection(SolutionItems) = preProject
		README.md = README.md
	EndProjectSection
EndProject
Project("{9A19103F-16F7-4668-BE54-9A1E7A4F7556}") = "AsynchronousLibrary", "AsynchronousProgramming\AsynchronousLibrary\AsynchronousLibrary.csproj", "{81C664C2-0821-4B74-A4A3-BE443EDDFCFF}"
EndProject
Project("{FAE04EC0-301F-11D3-BF4B-00C04F79EFBC}") = "AsynchronousUnitTest", "AsynchronousProgramming\AsynchronousUnitTest\AsynchronousUnitTest.csproj", "{21BB5082-E734-4D76-92F4-C45EC27C91E1}"
EndProject
Project("{9A19103F-16F7-4668-BE54-9A1E7A4F7556}") = "ClientServerCommunication", "ClientServerCommunication\ClientServerCommunication.csproj", "{96FB93C3-A32D-4A67-B605-3C65FFAB6074}"
EndProject
Project("{FAE04EC0-301F-11D3-BF4B-00C04F79EFBC}") = "InformationModels", "Models\InformationModels.csproj", "{2A879FB1-D346-4352-AAC0-B6821F7ED662}"
EndProject
Project("{FAE04EC0-301F-11D3-BF4B-00C04F79EFBC}") = "ClientServerCommunicationUnitTest", "ClientServerCommunicationUnitTest\ClientServerCommunicationUnitTest.csproj", "{5E1F57F1-60E2-4656-B586-67F3D0A34048}"
EndProject
Global
	GlobalSection(SolutionConfigurationPlatforms) = preSolution
		Debug|Any CPU = Debug|Any CPU
		Debug|iPhone = Debug|iPhone
		Debug|iPhoneSimulator = Debug|iPhoneSimulator
		Release|Any CPU = Release|Any CPU
		Release|iPhone = Release|iPhone
		Release|iPhoneSimulator = Release|iPhoneSimulator
	EndGlobalSection
	GlobalSection(ProjectConfigurationPlatforms) = postSolution
		{81C664C2-0821-4B74-A4A3-BE443EDDFCFF}.Debug|Any CPU.ActiveCfg = Debug|Any CPU
		{81C664C2-0821-4B74-A4A3-BE443EDDFCFF}.Debug|Any CPU.Build.0 = Debug|Any CPU
		{81C664C2-0821-4B74-A4A3-BE443EDDFCFF}.Debug|iPhone.ActiveCfg = Debug|Any CPU
		{81C664C2-0821-4B74-A4A3-BE443EDDFCFF}.Debug|iPhone.Build.0 = Debug|Any CPU
		{81C664C2-0821-4B74-A4A3-BE443EDDFCFF}.Debug|iPhoneSimulator.ActiveCfg = Debug|Any CPU
		{81C664C2-0821-4B74-A4A3-BE443EDDFCFF}.Debug|iPhoneSimulator.Build.0 = Debug|Any CPU
		{81C664C2-0821-4B74-A4A3-BE443EDDFCFF}.Release|Any CPU.ActiveCfg = Release|Any CPU
		{81C664C2-0821-4B74-A4A3-BE443EDDFCFF}.Release|Any CPU.Build.0 = Release|Any CPU
		{81C664C2-0821-4B74-A4A3-BE443EDDFCFF}.Release|iPhone.ActiveCfg = Release|Any CPU
		{81C664C2-0821-4B74-A4A3-BE443EDDFCFF}.Release|iPhone.Build.0 = Release|Any CPU
		{81C664C2-0821-4B74-A4A3-BE443EDDFCFF}.Release|iPhoneSimulator.ActiveCfg = Release|Any CPU
		{81C664C2-0821-4B74-A4A3-BE443EDDFCFF}.Release|iPhoneSimulator.Build.0 = Release|Any CPU
		{21BB5082-E734-4D76-92F4-C45EC27C91E1}.Debug|Any CPU.ActiveCfg = Debug|Any CPU
		{21BB5082-E734-4D76-92F4-C45EC27C91E1}.Debug|Any CPU.Build.0 = Debug|Any CPU
		{21BB5082-E734-4D76-92F4-C45EC27C91E1}.Debug|iPhone.ActiveCfg = Debug|Any CPU
		{21BB5082-E734-4D76-92F4-C45EC27C91E1}.Debug|iPhone.Build.0 = Debug|Any CPU
		{21BB5082-E734-4D76-92F4-C45EC27C91E1}.Debug|iPhoneSimulator.ActiveCfg = Debug|Any CPU
		{21BB5082-E734-4D76-92F4-C45EC27C91E1}.Debug|iPhoneSimulator.Build.0 = Debug|Any CPU
		{21BB5082-E734-4D76-92F4-C45EC27C91E1}.Release|Any CPU.ActiveCfg = Release|Any CPU
		{21BB5082-E734-4D76-92F4-C45EC27C91E1}.Release|Any CPU.Build.0 = Release|Any CPU
		{21BB5082-E734-4D76-92F4-C45EC27C91E1}.Release|iPhone.ActiveCfg = Release|Any CPU
		{21BB5082-E734-4D76-92F4-C45EC27C91E1}.Release|iPhone.Build.0 = Release|Any CPU
		{21BB5082-E734-4D76-92F4-C45EC27C91E1}.Release|iPhoneSimulator.ActiveCfg = Release|Any CPU
		{21BB5082-E734-4D76-92F4-C45EC27C91E1}.Release|iPhoneSimulator.Build.0 = Release|Any CPU
		{96FB93C3-A32D-4A67-B605-3C65FFAB6074}.Debug|Any CPU.ActiveCfg = Debug|Any CPU
		{96FB93C3-A32D-4A67-B605-3C65FFAB6074}.Debug|Any CPU.Build.0 = Debug|Any CPU
		{96FB93C3-A32D-4A67-B605-3C65FFAB6074}.Debug|iPhone.ActiveCfg = Debug|Any CPU
		{96FB93C3-A32D-4A67-B605-3C65FFAB6074}.Debug|iPhone.Build.0 = Debug|Any CPU
		{96FB93C3-A32D-4A67-B605-3C65FFAB6074}.Debug|iPhoneSimulator.ActiveCfg = Debug|Any CPU
		{96FB93C3-A32D-4A67-B605-3C65FFAB6074}.Debug|iPhoneSimulator.Build.0 = Debug|Any CPU
		{96FB93C3-A32D-4A67-B605-3C65FFAB6074}.Release|Any CPU.ActiveCfg = Release|Any CPU
		{96FB93C3-A32D-4A67-B605-3C65FFAB6074}.Release|Any CPU.Build.0 = Release|Any CPU
		{96FB93C3-A32D-4A67-B605-3C65FFAB6074}.Release|iPhone.ActiveCfg = Release|Any CPU
		{96FB93C3-A32D-4A67-B605-3C65FFAB6074}.Release|iPhone.Build.0 = Release|Any CPU
		{96FB93C3-A32D-4A67-B605-3C65FFAB6074}.Release|iPhoneSimulator.ActiveCfg = Release|Any CPU
		{96FB93C3-A32D-4A67-B605-3C65FFAB6074}.Release|iPhoneSimulator.Build.0 = Release|Any CPU
		{2A879FB1-D346-4352-AAC0-B6821F7ED662}.Debug|Any CPU.ActiveCfg = Debug|Any CPU
		{2A879FB1-D346-4352-AAC0-B6821F7ED662}.Debug|Any CPU.Build.0 = Debug|Any CPU
		{2A879FB1-D346-4352-AAC0-B6821F7ED662}.Debug|iPhone.ActiveCfg = Debug|Any CPU
		{2A879FB1-D346-4352-AAC0-B6821F7ED662}.Debug|iPhone.Build.0 = Debug|Any CPU
		{2A879FB1-D346-4352-AAC0-B6821F7ED662}.Debug|iPhoneSimulator.ActiveCfg = Debug|Any CPU
		{2A879FB1-D346-4352-AAC0-B6821F7ED662}.Debug|iPhoneSimulator.Build.0 = Debug|Any CPU
		{2A879FB1-D346-4352-AAC0-B6821F7ED662}.Release|Any CPU.ActiveCfg = Release|Any CPU
		{2A879FB1-D346-4352-AAC0-B6821F7ED662}.Release|Any CPU.Build.0 = Release|Any CPU
		{2A879FB1-D346-4352-AAC0-B6821F7ED662}.Release|iPhone.ActiveCfg = Release|Any CPU
		{2A879FB1-D346-4352-AAC0-B6821F7ED662}.Release|iPhone.Build.0 = Release|Any CPU
		{2A879FB1-D346-4352-AAC0-B6821F7ED662}.Release|iPhoneSimulator.ActiveCfg = Release|Any CPU
		{2A879FB1-D346-4352-AAC0-B6821F7ED662}.Release|iPhoneSimulator.Build.0 = Release|Any CPU
		{5E1F57F1-60E2-4656-B586-67F3D0A34048}.Debug|Any CPU.ActiveCfg = Debug|Any CPU
		{5E1F57F1-60E2-4656-B586-67F3D0A34048}.Debug|Any CPU.Build.0 = Debug|Any CPU
		{5E1F57F1-60E2-4656-B586-67F3D0A34048}.Debug|iPhone.ActiveCfg = Debug|Any CPU
		{5E1F57F1-60E2-4656-B586-67F3D0A34048}.Debug|iPhone.Build.0 = Debug|Any CPU
		{5E1F57F1-60E2-4656-B586-67F3D0A34048}.Debug|iPhoneSimulator.ActiveCfg = Debug|Any CPU
		{5E1F57F1-60E2-4656-B586-67F3D0A34048}.Debug|iPhoneSimulator.Build.0 = Debug|Any CPU
		{5E1F57F1-60E2-4656-B586-67F3D0A34048}.Release|Any CPU.ActiveCfg = Release|Any CPU
		{5E1F57F1-60E2-4656-B586-67F3D0A34048}.Release|Any CPU.Build.0 = Release|Any CPU
		{5E1F57F1-60E2-4656-B586-67F3D0A34048}.Release|iPhone.ActiveCfg = Release|Any CPU
		{5E1F57F1-60E2-4656-B586-67F3D0A34048}.Release|iPhone.Build.0 = Release|Any CPU
		{5E1F57F1-60E2-4656-B586-67F3D0A34048}.Release|iPhoneSimulator.ActiveCfg = Release|Any CPU
		{5E1F57F1-60E2-4656-B586-67F3D0A34048}.Release|iPhoneSimulator.Build.0 = Release|Any CPU
	EndGlobalSection
	GlobalSection(SolutionProperties) = preSolution
		HideSolutionNode = FALSE
	EndGlobalSection
	GlobalSection(NestedProjects) = preSolution
		{81C664C2-0821-4B74-A4A3-BE443EDDFCFF} = {007513A2-047A-4B60-AEDE-3EABB8D2EE50}
		{21BB5082-E734-4D76-92F4-C45EC27C91E1} = {007513A2-047A-4B60-AEDE-3EABB8D2EE50}
		{96FB93C3-A32D-4A67-B605-3C65FFAB6074} = {31DC6364-C52A-472E-B4F1-8AF504872AF0}
		{2A879FB1-D346-4352-AAC0-B6821F7ED662} = {D9CAA4D9-6116-4094-8DBA-5FD55622091F}
		{5E1F57F1-60E2-4656-B586-67F3D0A34048} = {31DC6364-C52A-472E-B4F1-8AF504872AF0}
	EndGlobalSection
	GlobalSection(ExtensibilityGlobals) = postSolution
		SolutionGuid = {F6B16BE2-8977-49AC-91AD-49ADF2A8F186}
	EndGlobalSection
EndGlobal
