
Microsoft Visual Studio Solution File, Format Version 12.00
# Visual Studio Version 17
VisualStudioVersion = 17.2.32616.157
MinimumVisualStudioVersion = 10.0.40219.1
Project("{2150E333-8FDC-42A3-9474-1A3956D46DE8}") = "_Solution Items", "_Solution Items", "{76D57E74-8443-43F4-8CF9-B0E798585FDD}"
	ProjectSection(SolutionItems) = preProject
		README.md = README.md
	EndProjectSection
EndProject
Project("{2150E333-8FDC-42A3-9474-1A3956D46DE8}") = "S02-Introduction2Types", "S02-Introduction2Types", "{17D825BE-E932-4FE5-B7DF-241D2CD5A7D3}"
EndProject
Project("{9A19103F-16F7-4668-BE54-9A1E7A4F7556}") = "55-PartialDefinitionsTest", "PartialDefinitionsTest\55-PartialDefinitionsTest.csproj", "{0F38237B-1A67-4471-B356-15776577614E}"
EndProject
Project("{9A19103F-16F7-4668-BE54-9A1E7A4F7556}") = "50-PartialDefinitions", "PartialDefinitions\50-PartialDefinitions.csproj", "{4CB9A959-863C-4494-96AF-20CDB80A86A2}"
EndProject
Project("{2150E333-8FDC-42A3-9474-1A3956D46DE8}") = "S01-Fundamentals", "S01-Fundamentals", "{C8D03012-BDE2-473A-8239-9AABC5E0671B}"
EndProject
Project("{2150E333-8FDC-42A3-9474-1A3956D46DE8}") = "S03-Algorithm Implementation", "S03-Algorithm Implementation", "{272D3BC3-E3C9-4EED-88D2-4CC986BB9755}"
EndProject
Project("{FAE04EC0-301F-11D3-BF4B-00C04F79EFBC}") = "10-CodingVType", "CodingVType\10-CodingVType.csproj", "{013F781C-2077-4AD2-8A20-168F08472CA2}"
EndProject
Project("{FAE04EC0-301F-11D3-BF4B-00C04F79EFBC}") = "15-CodingVTypeTest", "CodingVTypeTest\15-CodingVTypeTest.csproj", "{59951CA3-2EC7-4A7D-A4FB-F645AADB6469}"
EndProject
Project("{FAE04EC0-301F-11D3-BF4B-00C04F79EFBC}") = "20-CustomTypes", "CustomTypes\20-CustomTypes.csproj", "{28D7384D-3EDB-415D-9029-757A8850ADD7}"
EndProject
Project("{FAE04EC0-301F-11D3-BF4B-00C04F79EFBC}") = "25-CustomTypes.Test", "CustomTypes.Test\25-CustomTypes.Test.csproj", "{351AB8D3-98FC-44C1-8CED-D87579F23929}"
EndProject
Project("{FAE04EC0-301F-11D3-BF4B-00C04F79EFBC}") = "30-ObjectOrientedProgramming", "ObjectOrientedProgramming\30-ObjectOrientedProgramming.csproj", "{10F5BD33-0B2F-4351-AA3E-751BFFDA40C0}"
EndProject
Project("{FAE04EC0-301F-11D3-BF4B-00C04F79EFBC}") = "35-ObjectOrientedProgramming.Test", "ObjectOrientedProgramming.Test\35-ObjectOrientedProgramming.Test.csproj", "{77C170E0-B0DE-4BAF-A67B-0E89B1A8ACF7}"
EndProject
Project("{FAE04EC0-301F-11D3-BF4B-00C04F79EFBC}") = "40-AnonymousTypes", "AnonymousTypes\40-AnonymousTypes.csproj", "{CF0A9B78-A0A8-498D-90B3-01479536DD02}"
EndProject
Project("{FAE04EC0-301F-11D3-BF4B-00C04F79EFBC}") = "45-AnonymousTypesTest", "AnonymousTypesTest\45-AnonymousTypesTest.csproj", "{08A1E322-6D74-417A-9C34-C89117D23DA4}"
EndProject
Project("{FAE04EC0-301F-11D3-BF4B-00C04F79EFBC}") = "60-GenericClassesMethods", "GenericClassesMethods\60-GenericClassesMethods.csproj", "{0D789842-C0E1-47B4-8AD8-2EC0F0A87F96}"
EndProject
Project("{FAE04EC0-301F-11D3-BF4B-00C04F79EFBC}") = "65-GenericClassesMethodsTest", "GenericClassesMethodsTest\65-GenericClassesMethodsTest.csproj", "{37604F0C-FCC4-4584-BA9F-D69E4BBF8C1E}"
EndProject
Global
	GlobalSection(SolutionConfigurationPlatforms) = preSolution
		Debug|Any CPU = Debug|Any CPU
		Release|Any CPU = Release|Any CPU
	EndGlobalSection
	GlobalSection(ProjectConfigurationPlatforms) = postSolution
		{0F38237B-1A67-4471-B356-15776577614E}.Debug|Any CPU.ActiveCfg = Debug|Any CPU
		{0F38237B-1A67-4471-B356-15776577614E}.Debug|Any CPU.Build.0 = Debug|Any CPU
		{0F38237B-1A67-4471-B356-15776577614E}.Release|Any CPU.ActiveCfg = Release|Any CPU
		{0F38237B-1A67-4471-B356-15776577614E}.Release|Any CPU.Build.0 = Release|Any CPU
		{4CB9A959-863C-4494-96AF-20CDB80A86A2}.Debug|Any CPU.ActiveCfg = Debug|Any CPU
		{4CB9A959-863C-4494-96AF-20CDB80A86A2}.Debug|Any CPU.Build.0 = Debug|Any CPU
		{4CB9A959-863C-4494-96AF-20CDB80A86A2}.Release|Any CPU.ActiveCfg = Release|Any CPU
		{4CB9A959-863C-4494-96AF-20CDB80A86A2}.Release|Any CPU.Build.0 = Release|Any CPU
		{013F781C-2077-4AD2-8A20-168F08472CA2}.Debug|Any CPU.ActiveCfg = Debug|Any CPU
		{013F781C-2077-4AD2-8A20-168F08472CA2}.Debug|Any CPU.Build.0 = Debug|Any CPU
		{013F781C-2077-4AD2-8A20-168F08472CA2}.Release|Any CPU.ActiveCfg = Release|Any CPU
		{013F781C-2077-4AD2-8A20-168F08472CA2}.Release|Any CPU.Build.0 = Release|Any CPU
		{59951CA3-2EC7-4A7D-A4FB-F645AADB6469}.Debug|Any CPU.ActiveCfg = Debug|Any CPU
		{59951CA3-2EC7-4A7D-A4FB-F645AADB6469}.Debug|Any CPU.Build.0 = Debug|Any CPU
		{59951CA3-2EC7-4A7D-A4FB-F645AADB6469}.Release|Any CPU.ActiveCfg = Release|Any CPU
		{59951CA3-2EC7-4A7D-A4FB-F645AADB6469}.Release|Any CPU.Build.0 = Release|Any CPU
		{28D7384D-3EDB-415D-9029-757A8850ADD7}.Debug|Any CPU.ActiveCfg = Debug|Any CPU
		{28D7384D-3EDB-415D-9029-757A8850ADD7}.Debug|Any CPU.Build.0 = Debug|Any CPU
		{28D7384D-3EDB-415D-9029-757A8850ADD7}.Release|Any CPU.ActiveCfg = Release|Any CPU
		{28D7384D-3EDB-415D-9029-757A8850ADD7}.Release|Any CPU.Build.0 = Release|Any CPU
		{351AB8D3-98FC-44C1-8CED-D87579F23929}.Debug|Any CPU.ActiveCfg = Debug|Any CPU
		{351AB8D3-98FC-44C1-8CED-D87579F23929}.Debug|Any CPU.Build.0 = Debug|Any CPU
		{351AB8D3-98FC-44C1-8CED-D87579F23929}.Release|Any CPU.ActiveCfg = Release|Any CPU
		{351AB8D3-98FC-44C1-8CED-D87579F23929}.Release|Any CPU.Build.0 = Release|Any CPU
		{10F5BD33-0B2F-4351-AA3E-751BFFDA40C0}.Debug|Any CPU.ActiveCfg = Debug|Any CPU
		{10F5BD33-0B2F-4351-AA3E-751BFFDA40C0}.Debug|Any CPU.Build.0 = Debug|Any CPU
		{10F5BD33-0B2F-4351-AA3E-751BFFDA40C0}.Release|Any CPU.ActiveCfg = Release|Any CPU
		{10F5BD33-0B2F-4351-AA3E-751BFFDA40C0}.Release|Any CPU.Build.0 = Release|Any CPU
		{77C170E0-B0DE-4BAF-A67B-0E89B1A8ACF7}.Debug|Any CPU.ActiveCfg = Debug|Any CPU
		{77C170E0-B0DE-4BAF-A67B-0E89B1A8ACF7}.Debug|Any CPU.Build.0 = Debug|Any CPU
		{77C170E0-B0DE-4BAF-A67B-0E89B1A8ACF7}.Release|Any CPU.ActiveCfg = Release|Any CPU
		{77C170E0-B0DE-4BAF-A67B-0E89B1A8ACF7}.Release|Any CPU.Build.0 = Release|Any CPU
		{CF0A9B78-A0A8-498D-90B3-01479536DD02}.Debug|Any CPU.ActiveCfg = Debug|Any CPU
		{CF0A9B78-A0A8-498D-90B3-01479536DD02}.Debug|Any CPU.Build.0 = Debug|Any CPU
		{CF0A9B78-A0A8-498D-90B3-01479536DD02}.Release|Any CPU.ActiveCfg = Release|Any CPU
		{CF0A9B78-A0A8-498D-90B3-01479536DD02}.Release|Any CPU.Build.0 = Release|Any CPU
		{08A1E322-6D74-417A-9C34-C89117D23DA4}.Debug|Any CPU.ActiveCfg = Debug|Any CPU
		{08A1E322-6D74-417A-9C34-C89117D23DA4}.Debug|Any CPU.Build.0 = Debug|Any CPU
		{08A1E322-6D74-417A-9C34-C89117D23DA4}.Release|Any CPU.ActiveCfg = Release|Any CPU
		{08A1E322-6D74-417A-9C34-C89117D23DA4}.Release|Any CPU.Build.0 = Release|Any CPU
		{0D789842-C0E1-47B4-8AD8-2EC0F0A87F96}.Debug|Any CPU.ActiveCfg = Debug|Any CPU
		{0D789842-C0E1-47B4-8AD8-2EC0F0A87F96}.Debug|Any CPU.Build.0 = Debug|Any CPU
		{0D789842-C0E1-47B4-8AD8-2EC0F0A87F96}.Release|Any CPU.ActiveCfg = Release|Any CPU
		{0D789842-C0E1-47B4-8AD8-2EC0F0A87F96}.Release|Any CPU.Build.0 = Release|Any CPU
		{37604F0C-FCC4-4584-BA9F-D69E4BBF8C1E}.Debug|Any CPU.ActiveCfg = Debug|Any CPU
		{37604F0C-FCC4-4584-BA9F-D69E4BBF8C1E}.Debug|Any CPU.Build.0 = Debug|Any CPU
		{37604F0C-FCC4-4584-BA9F-D69E4BBF8C1E}.Release|Any CPU.ActiveCfg = Release|Any CPU
		{37604F0C-FCC4-4584-BA9F-D69E4BBF8C1E}.Release|Any CPU.Build.0 = Release|Any CPU
	EndGlobalSection
	GlobalSection(SolutionProperties) = preSolution
		HideSolutionNode = FALSE
	EndGlobalSection
	GlobalSection(NestedProjects) = preSolution
		{0F38237B-1A67-4471-B356-15776577614E} = {17D825BE-E932-4FE5-B7DF-241D2CD5A7D3}
		{4CB9A959-863C-4494-96AF-20CDB80A86A2} = {17D825BE-E932-4FE5-B7DF-241D2CD5A7D3}
		{013F781C-2077-4AD2-8A20-168F08472CA2} = {17D825BE-E932-4FE5-B7DF-241D2CD5A7D3}
		{59951CA3-2EC7-4A7D-A4FB-F645AADB6469} = {17D825BE-E932-4FE5-B7DF-241D2CD5A7D3}
		{28D7384D-3EDB-415D-9029-757A8850ADD7} = {17D825BE-E932-4FE5-B7DF-241D2CD5A7D3}
		{351AB8D3-98FC-44C1-8CED-D87579F23929} = {17D825BE-E932-4FE5-B7DF-241D2CD5A7D3}
		{10F5BD33-0B2F-4351-AA3E-751BFFDA40C0} = {17D825BE-E932-4FE5-B7DF-241D2CD5A7D3}
		{77C170E0-B0DE-4BAF-A67B-0E89B1A8ACF7} = {17D825BE-E932-4FE5-B7DF-241D2CD5A7D3}
		{CF0A9B78-A0A8-498D-90B3-01479536DD02} = {17D825BE-E932-4FE5-B7DF-241D2CD5A7D3}
		{08A1E322-6D74-417A-9C34-C89117D23DA4} = {17D825BE-E932-4FE5-B7DF-241D2CD5A7D3}
		{0D789842-C0E1-47B4-8AD8-2EC0F0A87F96} = {17D825BE-E932-4FE5-B7DF-241D2CD5A7D3}
		{37604F0C-FCC4-4584-BA9F-D69E4BBF8C1E} = {17D825BE-E932-4FE5-B7DF-241D2CD5A7D3}
	EndGlobalSection
	GlobalSection(ExtensibilityGlobals) = postSolution
		SolutionGuid = {AD716F48-1604-46EF-A0C7-B8270AC2653A}
	EndGlobalSection
EndGlobal
