
Microsoft Visual Studio Solution File, Format Version 12.00
# Visual Studio 14
VisualStudioVersion = 14.0.25123.0
MinimumVisualStudioVersion = 10.0.40219.1
Project("{FAE04EC0-301F-11D3-BF4B-00C04F79EFBC}") = "LinqToObjectsLib", "LinqToObjectsLib\LinqToObjectsLib.csproj", "{A0DA14F7-C34A-4094-BE9A-D7748B9539E8}"
EndProject
Project("{FAE04EC0-301F-11D3-BF4B-00C04F79EFBC}") = "LinqToObjectsLibTests", "LinqToObjectsLibTests\LinqToObjectsLibTests.csproj", "{57E9899C-CC83-4D81-918B-748BD5639BC0}"
EndProject
Project("{FAE04EC0-301F-11D3-BF4B-00C04F79EFBC}") = "LinqToObjectsApp", "LinqToObjectsApp\LinqToObjectsApp.csproj", "{C765FA4D-9D6B-4FC5-A9CB-571C9911EB50}"
EndProject
Project("{FAE04EC0-301F-11D3-BF4B-00C04F79EFBC}") = "LinqToSqlLib", "LinqToSqlLib\LinqToSqlLib.csproj", "{3926EDAD-3136-446A-B452-1B3DE837F4D6}"
EndProject
Project("{FAE04EC0-301F-11D3-BF4B-00C04F79EFBC}") = "LinqToSqlLibTests", "LinqToSqlLibTests\LinqToSqlLibTests.csproj", "{91494E4F-5D27-48E7-A6FF-120C925EE2C5}"
EndProject
Project("{FAE04EC0-301F-11D3-BF4B-00C04F79EFBC}") = "LinqToSqlApp", "LinqToSqlApp\LinqToSqlApp.csproj", "{7A66CD53-FB5A-4E6E-9210-3129B901EF89}"
EndProject
Global
	GlobalSection(SolutionConfigurationPlatforms) = preSolution
		Debug|Any CPU = Debug|Any CPU
		Release|Any CPU = Release|Any CPU
	EndGlobalSection
	GlobalSection(ProjectConfigurationPlatforms) = postSolution
		{A0DA14F7-C34A-4094-BE9A-D7748B9539E8}.Debug|Any CPU.ActiveCfg = Debug|Any CPU
		{A0DA14F7-C34A-4094-BE9A-D7748B9539E8}.Debug|Any CPU.Build.0 = Debug|Any CPU
		{A0DA14F7-C34A-4094-BE9A-D7748B9539E8}.Release|Any CPU.ActiveCfg = Release|Any CPU
		{A0DA14F7-C34A-4094-BE9A-D7748B9539E8}.Release|Any CPU.Build.0 = Release|Any CPU
		{57E9899C-CC83-4D81-918B-748BD5639BC0}.Debug|Any CPU.ActiveCfg = Debug|Any CPU
		{57E9899C-CC83-4D81-918B-748BD5639BC0}.Debug|Any CPU.Build.0 = Debug|Any CPU
		{57E9899C-CC83-4D81-918B-748BD5639BC0}.Release|Any CPU.ActiveCfg = Release|Any CPU
		{57E9899C-CC83-4D81-918B-748BD5639BC0}.Release|Any CPU.Build.0 = Release|Any CPU
		{C765FA4D-9D6B-4FC5-A9CB-571C9911EB50}.Debug|Any CPU.ActiveCfg = Debug|Any CPU
		{C765FA4D-9D6B-4FC5-A9CB-571C9911EB50}.Debug|Any CPU.Build.0 = Debug|Any CPU
		{C765FA4D-9D6B-4FC5-A9CB-571C9911EB50}.Release|Any CPU.ActiveCfg = Release|Any CPU
		{C765FA4D-9D6B-4FC5-A9CB-571C9911EB50}.Release|Any CPU.Build.0 = Release|Any CPU
		{3926EDAD-3136-446A-B452-1B3DE837F4D6}.Debug|Any CPU.ActiveCfg = Debug|Any CPU
		{3926EDAD-3136-446A-B452-1B3DE837F4D6}.Debug|Any CPU.Build.0 = Debug|Any CPU
		{3926EDAD-3136-446A-B452-1B3DE837F4D6}.Release|Any CPU.ActiveCfg = Release|Any CPU
		{3926EDAD-3136-446A-B452-1B3DE837F4D6}.Release|Any CPU.Build.0 = Release|Any CPU
		{91494E4F-5D27-48E7-A6FF-120C925EE2C5}.Debug|Any CPU.ActiveCfg = Debug|Any CPU
		{91494E4F-5D27-48E7-A6FF-120C925EE2C5}.Debug|Any CPU.Build.0 = Debug|Any CPU
		{91494E4F-5D27-48E7-A6FF-120C925EE2C5}.Release|Any CPU.ActiveCfg = Release|Any CPU
		{91494E4F-5D27-48E7-A6FF-120C925EE2C5}.Release|Any CPU.Build.0 = Release|Any CPU
		{7A66CD53-FB5A-4E6E-9210-3129B901EF89}.Debug|Any CPU.ActiveCfg = Debug|Any CPU
		{7A66CD53-FB5A-4E6E-9210-3129B901EF89}.Debug|Any CPU.Build.0 = Debug|Any CPU
		{7A66CD53-FB5A-4E6E-9210-3129B901EF89}.Release|Any CPU.ActiveCfg = Release|Any CPU
		{7A66CD53-FB5A-4E6E-9210-3129B901EF89}.Release|Any CPU.Build.0 = Release|Any CPU
	EndGlobalSection
	GlobalSection(SolutionProperties) = preSolution
		HideSolutionNode = FALSE
	EndGlobalSection
EndGlobal
