
Microsoft Visual Studio Solution File, Format Version 12.00
# Visual Studio 15
VisualStudioVersion = 15.0.27004.2002
MinimumVisualStudioVersion = 10.0.40219.1
Project("{FAE04EC0-301F-11D3-BF4B-00C04F79EFBC}") = "Reflection", "Reflection\Reflection.csproj", "{80CD9772-8724-40D4-AC68-4148FBE05E82}"
EndProject
Project("{2150E333-8FDC-42A3-9474-1A3956D46DE8}") = "W1_Framework", "W1_Framework", "{AAC7BE50-98B2-42C9-BA48-6E6E7CBED5BF}"
EndProject
Project("{FAE04EC0-301F-11D3-BF4B-00C04F79EFBC}") = "ApplicationArchitecture", "ApplicationArchitecture\ApplicationArchitecture.csproj", "{79C1349A-1EAF-467F-9290-DA7FAD5E49E5}"
EndProject
Project("{FAE04EC0-301F-11D3-BF4B-00C04F79EFBC}") = "ReflectionUnitTest", "ReflectionUnitTest\ReflectionUnitTest.csproj", "{CDA41113-3731-4ABC-B2CC-1CD5736DE6DF}"
EndProject
Project("{FAE04EC0-301F-11D3-BF4B-00C04F79EFBC}") = "AppResources", "AppResources\AppResources.csproj", "{8BA5C9B2-71C5-4F4A-A368-DEC60202C544}"
EndProject
Project("{2150E333-8FDC-42A3-9474-1A3956D46DE8}") = "AsynchronousBehavior", "AsynchronousBehavior", "{62BCD9A0-7184-4BE1-B417-A6BFB2ADFAED}"
EndProject
Project("{FAE04EC0-301F-11D3-BF4B-00C04F79EFBC}") = "Threading", "Threading\Threading.csproj", "{DFC5D3B3-CBE7-4CCF-90C3-DE657ECAEBC1}"
EndProject
Project("{FAE04EC0-301F-11D3-BF4B-00C04F79EFBC}") = "ConcurrentProgramming", "ConcurrentProgramming\ConcurrentProgramming.csproj", "{3DD9ED95-DCE2-4B63-9CBE-1E158ED8B785}"
EndProject
Project("{FAE04EC0-301F-11D3-BF4B-00C04F79EFBC}") = "ThreadingUnitTest", "ThreadingUnitTest\ThreadingUnitTest.csproj", "{6F7EA6FF-3876-489A-AF5A-DD19429D2905}"
EndProject
Project("{FAE04EC0-301F-11D3-BF4B-00C04F79EFBC}") = "ConcurrentProgrammingUnitTest", "ConcurrentProgrammingUnitTest\ConcurrentProgrammingUnitTest.csproj", "{0CA22DC8-E8B9-4708-A735-3AB44340F4A6}"
EndProject
Project("{FAE04EC0-301F-11D3-BF4B-00C04F79EFBC}") = "ReactiveProgramming", "ReactiveProgramming\ReactiveProgramming.csproj", "{8E031979-8F1A-4199-B5E9-098961ED5033}"
EndProject
Global
	GlobalSection(SolutionConfigurationPlatforms) = preSolution
		Ad-Hoc|Any CPU = Ad-Hoc|Any CPU
		Ad-Hoc|iPhone = Ad-Hoc|iPhone
		Ad-Hoc|iPhoneSimulator = Ad-Hoc|iPhoneSimulator
		AppStore|Any CPU = AppStore|Any CPU
		AppStore|iPhone = AppStore|iPhone
		AppStore|iPhoneSimulator = AppStore|iPhoneSimulator
		Debug|Any CPU = Debug|Any CPU
		Debug|iPhone = Debug|iPhone
		Debug|iPhoneSimulator = Debug|iPhoneSimulator
		Release|Any CPU = Release|Any CPU
		Release|iPhone = Release|iPhone
		Release|iPhoneSimulator = Release|iPhoneSimulator
	EndGlobalSection
	GlobalSection(ProjectConfigurationPlatforms) = postSolution
		{80CD9772-8724-40D4-AC68-4148FBE05E82}.Ad-Hoc|Any CPU.ActiveCfg = Release|Any CPU
		{80CD9772-8724-40D4-AC68-4148FBE05E82}.Ad-Hoc|Any CPU.Build.0 = Release|Any CPU
		{80CD9772-8724-40D4-AC68-4148FBE05E82}.Ad-Hoc|iPhone.ActiveCfg = Release|Any CPU
		{80CD9772-8724-40D4-AC68-4148FBE05E82}.Ad-Hoc|iPhone.Build.0 = Release|Any CPU
		{80CD9772-8724-40D4-AC68-4148FBE05E82}.Ad-Hoc|iPhoneSimulator.ActiveCfg = Release|Any CPU
		{80CD9772-8724-40D4-AC68-4148FBE05E82}.Ad-Hoc|iPhoneSimulator.Build.0 = Release|Any CPU
		{80CD9772-8724-40D4-AC68-4148FBE05E82}.AppStore|Any CPU.ActiveCfg = Release|Any CPU
		{80CD9772-8724-40D4-AC68-4148FBE05E82}.AppStore|Any CPU.Build.0 = Release|Any CPU
		{80CD9772-8724-40D4-AC68-4148FBE05E82}.AppStore|iPhone.ActiveCfg = Release|Any CPU
		{80CD9772-8724-40D4-AC68-4148FBE05E82}.AppStore|iPhone.Build.0 = Release|Any CPU
		{80CD9772-8724-40D4-AC68-4148FBE05E82}.AppStore|iPhoneSimulator.ActiveCfg = Release|Any CPU
		{80CD9772-8724-40D4-AC68-4148FBE05E82}.AppStore|iPhoneSimulator.Build.0 = Release|Any CPU
		{80CD9772-8724-40D4-AC68-4148FBE05E82}.Debug|Any CPU.ActiveCfg = Debug|Any CPU
		{80CD9772-8724-40D4-AC68-4148FBE05E82}.Debug|Any CPU.Build.0 = Debug|Any CPU
		{80CD9772-8724-40D4-AC68-4148FBE05E82}.Debug|iPhone.ActiveCfg = Debug|Any CPU
		{80CD9772-8724-40D4-AC68-4148FBE05E82}.Debug|iPhone.Build.0 = Debug|Any CPU
		{80CD9772-8724-40D4-AC68-4148FBE05E82}.Debug|iPhoneSimulator.ActiveCfg = Debug|Any CPU
		{80CD9772-8724-40D4-AC68-4148FBE05E82}.Debug|iPhoneSimulator.Build.0 = Debug|Any CPU
		{80CD9772-8724-40D4-AC68-4148FBE05E82}.Release|Any CPU.ActiveCfg = Release|Any CPU
		{80CD9772-8724-40D4-AC68-4148FBE05E82}.Release|Any CPU.Build.0 = Release|Any CPU
		{80CD9772-8724-40D4-AC68-4148FBE05E82}.Release|iPhone.ActiveCfg = Release|Any CPU
		{80CD9772-8724-40D4-AC68-4148FBE05E82}.Release|iPhone.Build.0 = Release|Any CPU
		{80CD9772-8724-40D4-AC68-4148FBE05E82}.Release|iPhoneSimulator.ActiveCfg = Release|Any CPU
		{80CD9772-8724-40D4-AC68-4148FBE05E82}.Release|iPhoneSimulator.Build.0 = Release|Any CPU
		{79C1349A-1EAF-467F-9290-DA7FAD5E49E5}.Ad-Hoc|Any CPU.ActiveCfg = Release|Any CPU
		{79C1349A-1EAF-467F-9290-DA7FAD5E49E5}.Ad-Hoc|Any CPU.Build.0 = Release|Any CPU
		{79C1349A-1EAF-467F-9290-DA7FAD5E49E5}.Ad-Hoc|iPhone.ActiveCfg = Release|Any CPU
		{79C1349A-1EAF-467F-9290-DA7FAD5E49E5}.Ad-Hoc|iPhone.Build.0 = Release|Any CPU
		{79C1349A-1EAF-467F-9290-DA7FAD5E49E5}.Ad-Hoc|iPhoneSimulator.ActiveCfg = Release|Any CPU
		{79C1349A-1EAF-467F-9290-DA7FAD5E49E5}.Ad-Hoc|iPhoneSimulator.Build.0 = Release|Any CPU
		{79C1349A-1EAF-467F-9290-DA7FAD5E49E5}.AppStore|Any CPU.ActiveCfg = Release|Any CPU
		{79C1349A-1EAF-467F-9290-DA7FAD5E49E5}.AppStore|Any CPU.Build.0 = Release|Any CPU
		{79C1349A-1EAF-467F-9290-DA7FAD5E49E5}.AppStore|iPhone.ActiveCfg = Release|Any CPU
		{79C1349A-1EAF-467F-9290-DA7FAD5E49E5}.AppStore|iPhone.Build.0 = Release|Any CPU
		{79C1349A-1EAF-467F-9290-DA7FAD5E49E5}.AppStore|iPhoneSimulator.ActiveCfg = Release|Any CPU
		{79C1349A-1EAF-467F-9290-DA7FAD5E49E5}.AppStore|iPhoneSimulator.Build.0 = Release|Any CPU
		{79C1349A-1EAF-467F-9290-DA7FAD5E49E5}.Debug|Any CPU.ActiveCfg = Debug|Any CPU
		{79C1349A-1EAF-467F-9290-DA7FAD5E49E5}.Debug|Any CPU.Build.0 = Debug|Any CPU
		{79C1349A-1EAF-467F-9290-DA7FAD5E49E5}.Debug|iPhone.ActiveCfg = Debug|Any CPU
		{79C1349A-1EAF-467F-9290-DA7FAD5E49E5}.Debug|iPhone.Build.0 = Debug|Any CPU
		{79C1349A-1EAF-467F-9290-DA7FAD5E49E5}.Debug|iPhoneSimulator.ActiveCfg = Debug|Any CPU
		{79C1349A-1EAF-467F-9290-DA7FAD5E49E5}.Debug|iPhoneSimulator.Build.0 = Debug|Any CPU
		{79C1349A-1EAF-467F-9290-DA7FAD5E49E5}.Release|Any CPU.ActiveCfg = Release|Any CPU
		{79C1349A-1EAF-467F-9290-DA7FAD5E49E5}.Release|Any CPU.Build.0 = Release|Any CPU
		{79C1349A-1EAF-467F-9290-DA7FAD5E49E5}.Release|iPhone.ActiveCfg = Release|Any CPU
		{79C1349A-1EAF-467F-9290-DA7FAD5E49E5}.Release|iPhone.Build.0 = Release|Any CPU
		{79C1349A-1EAF-467F-9290-DA7FAD5E49E5}.Release|iPhoneSimulator.ActiveCfg = Release|Any CPU
		{79C1349A-1EAF-467F-9290-DA7FAD5E49E5}.Release|iPhoneSimulator.Build.0 = Release|Any CPU
		{CDA41113-3731-4ABC-B2CC-1CD5736DE6DF}.Ad-Hoc|Any CPU.ActiveCfg = Release|Any CPU
		{CDA41113-3731-4ABC-B2CC-1CD5736DE6DF}.Ad-Hoc|Any CPU.Build.0 = Release|Any CPU
		{CDA41113-3731-4ABC-B2CC-1CD5736DE6DF}.Ad-Hoc|iPhone.ActiveCfg = Release|Any CPU
		{CDA41113-3731-4ABC-B2CC-1CD5736DE6DF}.Ad-Hoc|iPhone.Build.0 = Release|Any CPU
		{CDA41113-3731-4ABC-B2CC-1CD5736DE6DF}.Ad-Hoc|iPhoneSimulator.ActiveCfg = Release|Any CPU
		{CDA41113-3731-4ABC-B2CC-1CD5736DE6DF}.Ad-Hoc|iPhoneSimulator.Build.0 = Release|Any CPU
		{CDA41113-3731-4ABC-B2CC-1CD5736DE6DF}.AppStore|Any CPU.ActiveCfg = Release|Any CPU
		{CDA41113-3731-4ABC-B2CC-1CD5736DE6DF}.AppStore|Any CPU.Build.0 = Release|Any CPU
		{CDA41113-3731-4ABC-B2CC-1CD5736DE6DF}.AppStore|iPhone.ActiveCfg = Release|Any CPU
		{CDA41113-3731-4ABC-B2CC-1CD5736DE6DF}.AppStore|iPhone.Build.0 = Release|Any CPU
		{CDA41113-3731-4ABC-B2CC-1CD5736DE6DF}.AppStore|iPhoneSimulator.ActiveCfg = Release|Any CPU
		{CDA41113-3731-4ABC-B2CC-1CD5736DE6DF}.AppStore|iPhoneSimulator.Build.0 = Release|Any CPU
		{CDA41113-3731-4ABC-B2CC-1CD5736DE6DF}.Debug|Any CPU.ActiveCfg = Debug|Any CPU
		{CDA41113-3731-4ABC-B2CC-1CD5736DE6DF}.Debug|Any CPU.Build.0 = Debug|Any CPU
		{CDA41113-3731-4ABC-B2CC-1CD5736DE6DF}.Debug|iPhone.ActiveCfg = Debug|Any CPU
		{CDA41113-3731-4ABC-B2CC-1CD5736DE6DF}.Debug|iPhone.Build.0 = Debug|Any CPU
		{CDA41113-3731-4ABC-B2CC-1CD5736DE6DF}.Debug|iPhoneSimulator.ActiveCfg = Debug|Any CPU
		{CDA41113-3731-4ABC-B2CC-1CD5736DE6DF}.Debug|iPhoneSimulator.Build.0 = Debug|Any CPU
		{CDA41113-3731-4ABC-B2CC-1CD5736DE6DF}.Release|Any CPU.ActiveCfg = Release|Any CPU
		{CDA41113-3731-4ABC-B2CC-1CD5736DE6DF}.Release|Any CPU.Build.0 = Release|Any CPU
		{CDA41113-3731-4ABC-B2CC-1CD5736DE6DF}.Release|iPhone.ActiveCfg = Release|Any CPU
		{CDA41113-3731-4ABC-B2CC-1CD5736DE6DF}.Release|iPhone.Build.0 = Release|Any CPU
		{CDA41113-3731-4ABC-B2CC-1CD5736DE6DF}.Release|iPhoneSimulator.ActiveCfg = Release|Any CPU
		{CDA41113-3731-4ABC-B2CC-1CD5736DE6DF}.Release|iPhoneSimulator.Build.0 = Release|Any CPU
		{8BA5C9B2-71C5-4F4A-A368-DEC60202C544}.Ad-Hoc|Any CPU.ActiveCfg = Release|Any CPU
		{8BA5C9B2-71C5-4F4A-A368-DEC60202C544}.Ad-Hoc|Any CPU.Build.0 = Release|Any CPU
		{8BA5C9B2-71C5-4F4A-A368-DEC60202C544}.Ad-Hoc|iPhone.ActiveCfg = Release|Any CPU
		{8BA5C9B2-71C5-4F4A-A368-DEC60202C544}.Ad-Hoc|iPhone.Build.0 = Release|Any CPU
		{8BA5C9B2-71C5-4F4A-A368-DEC60202C544}.Ad-Hoc|iPhoneSimulator.ActiveCfg = Release|Any CPU
		{8BA5C9B2-71C5-4F4A-A368-DEC60202C544}.Ad-Hoc|iPhoneSimulator.Build.0 = Release|Any CPU
		{8BA5C9B2-71C5-4F4A-A368-DEC60202C544}.AppStore|Any CPU.ActiveCfg = Release|Any CPU
		{8BA5C9B2-71C5-4F4A-A368-DEC60202C544}.AppStore|Any CPU.Build.0 = Release|Any CPU
		{8BA5C9B2-71C5-4F4A-A368-DEC60202C544}.AppStore|iPhone.ActiveCfg = Release|Any CPU
		{8BA5C9B2-71C5-4F4A-A368-DEC60202C544}.AppStore|iPhone.Build.0 = Release|Any CPU
		{8BA5C9B2-71C5-4F4A-A368-DEC60202C544}.AppStore|iPhoneSimulator.ActiveCfg = Release|Any CPU
		{8BA5C9B2-71C5-4F4A-A368-DEC60202C544}.AppStore|iPhoneSimulator.Build.0 = Release|Any CPU
		{8BA5C9B2-71C5-4F4A-A368-DEC60202C544}.Debug|Any CPU.ActiveCfg = Debug|Any CPU
		{8BA5C9B2-71C5-4F4A-A368-DEC60202C544}.Debug|Any CPU.Build.0 = Debug|Any CPU
		{8BA5C9B2-71C5-4F4A-A368-DEC60202C544}.Debug|iPhone.ActiveCfg = Debug|Any CPU
		{8BA5C9B2-71C5-4F4A-A368-DEC60202C544}.Debug|iPhone.Build.0 = Debug|Any CPU
		{8BA5C9B2-71C5-4F4A-A368-DEC60202C544}.Debug|iPhoneSimulator.ActiveCfg = Debug|Any CPU
		{8BA5C9B2-71C5-4F4A-A368-DEC60202C544}.Debug|iPhoneSimulator.Build.0 = Debug|Any CPU
		{8BA5C9B2-71C5-4F4A-A368-DEC60202C544}.Release|Any CPU.ActiveCfg = Release|Any CPU
		{8BA5C9B2-71C5-4F4A-A368-DEC60202C544}.Release|Any CPU.Build.0 = Release|Any CPU
		{8BA5C9B2-71C5-4F4A-A368-DEC60202C544}.Release|iPhone.ActiveCfg = Release|Any CPU
		{8BA5C9B2-71C5-4F4A-A368-DEC60202C544}.Release|iPhone.Build.0 = Release|Any CPU
		{8BA5C9B2-71C5-4F4A-A368-DEC60202C544}.Release|iPhoneSimulator.ActiveCfg = Release|Any CPU
		{8BA5C9B2-71C5-4F4A-A368-DEC60202C544}.Release|iPhoneSimulator.Build.0 = Release|Any CPU
		{DFC5D3B3-CBE7-4CCF-90C3-DE657ECAEBC1}.Ad-Hoc|Any CPU.ActiveCfg = Release|Any CPU
		{DFC5D3B3-CBE7-4CCF-90C3-DE657ECAEBC1}.Ad-Hoc|Any CPU.Build.0 = Release|Any CPU
		{DFC5D3B3-CBE7-4CCF-90C3-DE657ECAEBC1}.Ad-Hoc|iPhone.ActiveCfg = Release|Any CPU
		{DFC5D3B3-CBE7-4CCF-90C3-DE657ECAEBC1}.Ad-Hoc|iPhone.Build.0 = Release|Any CPU
		{DFC5D3B3-CBE7-4CCF-90C3-DE657ECAEBC1}.Ad-Hoc|iPhoneSimulator.ActiveCfg = Release|Any CPU
		{DFC5D3B3-CBE7-4CCF-90C3-DE657ECAEBC1}.Ad-Hoc|iPhoneSimulator.Build.0 = Release|Any CPU
		{DFC5D3B3-CBE7-4CCF-90C3-DE657ECAEBC1}.AppStore|Any CPU.ActiveCfg = Release|Any CPU
		{DFC5D3B3-CBE7-4CCF-90C3-DE657ECAEBC1}.AppStore|Any CPU.Build.0 = Release|Any CPU
		{DFC5D3B3-CBE7-4CCF-90C3-DE657ECAEBC1}.AppStore|iPhone.ActiveCfg = Release|Any CPU
		{DFC5D3B3-CBE7-4CCF-90C3-DE657ECAEBC1}.AppStore|iPhone.Build.0 = Release|Any CPU
		{DFC5D3B3-CBE7-4CCF-90C3-DE657ECAEBC1}.AppStore|iPhoneSimulator.ActiveCfg = Release|Any CPU
		{DFC5D3B3-CBE7-4CCF-90C3-DE657ECAEBC1}.AppStore|iPhoneSimulator.Build.0 = Release|Any CPU
		{DFC5D3B3-CBE7-4CCF-90C3-DE657ECAEBC1}.Debug|Any CPU.ActiveCfg = Debug|Any CPU
		{DFC5D3B3-CBE7-4CCF-90C3-DE657ECAEBC1}.Debug|Any CPU.Build.0 = Debug|Any CPU
		{DFC5D3B3-CBE7-4CCF-90C3-DE657ECAEBC1}.Debug|iPhone.ActiveCfg = Debug|Any CPU
		{DFC5D3B3-CBE7-4CCF-90C3-DE657ECAEBC1}.Debug|iPhone.Build.0 = Debug|Any CPU
		{DFC5D3B3-CBE7-4CCF-90C3-DE657ECAEBC1}.Debug|iPhoneSimulator.ActiveCfg = Debug|Any CPU
		{DFC5D3B3-CBE7-4CCF-90C3-DE657ECAEBC1}.Debug|iPhoneSimulator.Build.0 = Debug|Any CPU
		{DFC5D3B3-CBE7-4CCF-90C3-DE657ECAEBC1}.Release|Any CPU.ActiveCfg = Release|Any CPU
		{DFC5D3B3-CBE7-4CCF-90C3-DE657ECAEBC1}.Release|Any CPU.Build.0 = Release|Any CPU
		{DFC5D3B3-CBE7-4CCF-90C3-DE657ECAEBC1}.Release|iPhone.ActiveCfg = Release|Any CPU
		{DFC5D3B3-CBE7-4CCF-90C3-DE657ECAEBC1}.Release|iPhone.Build.0 = Release|Any CPU
		{DFC5D3B3-CBE7-4CCF-90C3-DE657ECAEBC1}.Release|iPhoneSimulator.ActiveCfg = Release|Any CPU
		{DFC5D3B3-CBE7-4CCF-90C3-DE657ECAEBC1}.Release|iPhoneSimulator.Build.0 = Release|Any CPU
		{3DD9ED95-DCE2-4B63-9CBE-1E158ED8B785}.Ad-Hoc|Any CPU.ActiveCfg = Release|Any CPU
		{3DD9ED95-DCE2-4B63-9CBE-1E158ED8B785}.Ad-Hoc|Any CPU.Build.0 = Release|Any CPU
		{3DD9ED95-DCE2-4B63-9CBE-1E158ED8B785}.Ad-Hoc|iPhone.ActiveCfg = Release|Any CPU
		{3DD9ED95-DCE2-4B63-9CBE-1E158ED8B785}.Ad-Hoc|iPhone.Build.0 = Release|Any CPU
		{3DD9ED95-DCE2-4B63-9CBE-1E158ED8B785}.Ad-Hoc|iPhoneSimulator.ActiveCfg = Release|Any CPU
		{3DD9ED95-DCE2-4B63-9CBE-1E158ED8B785}.Ad-Hoc|iPhoneSimulator.Build.0 = Release|Any CPU
		{3DD9ED95-DCE2-4B63-9CBE-1E158ED8B785}.AppStore|Any CPU.ActiveCfg = Release|Any CPU
		{3DD9ED95-DCE2-4B63-9CBE-1E158ED8B785}.AppStore|Any CPU.Build.0 = Release|Any CPU
		{3DD9ED95-DCE2-4B63-9CBE-1E158ED8B785}.AppStore|iPhone.ActiveCfg = Release|Any CPU
		{3DD9ED95-DCE2-4B63-9CBE-1E158ED8B785}.AppStore|iPhone.Build.0 = Release|Any CPU
		{3DD9ED95-DCE2-4B63-9CBE-1E158ED8B785}.AppStore|iPhoneSimulator.ActiveCfg = Release|Any CPU
		{3DD9ED95-DCE2-4B63-9CBE-1E158ED8B785}.AppStore|iPhoneSimulator.Build.0 = Release|Any CPU
		{3DD9ED95-DCE2-4B63-9CBE-1E158ED8B785}.Debug|Any CPU.ActiveCfg = Debug|Any CPU
		{3DD9ED95-DCE2-4B63-9CBE-1E158ED8B785}.Debug|Any CPU.Build.0 = Debug|Any CPU
		{3DD9ED95-DCE2-4B63-9CBE-1E158ED8B785}.Debug|iPhone.ActiveCfg = Debug|Any CPU
		{3DD9ED95-DCE2-4B63-9CBE-1E158ED8B785}.Debug|iPhone.Build.0 = Debug|Any CPU
		{3DD9ED95-DCE2-4B63-9CBE-1E158ED8B785}.Debug|iPhoneSimulator.ActiveCfg = Debug|Any CPU
		{3DD9ED95-DCE2-4B63-9CBE-1E158ED8B785}.Debug|iPhoneSimulator.Build.0 = Debug|Any CPU
		{3DD9ED95-DCE2-4B63-9CBE-1E158ED8B785}.Release|Any CPU.ActiveCfg = Release|Any CPU
		{3DD9ED95-DCE2-4B63-9CBE-1E158ED8B785}.Release|Any CPU.Build.0 = Release|Any CPU
		{3DD9ED95-DCE2-4B63-9CBE-1E158ED8B785}.Release|iPhone.ActiveCfg = Release|Any CPU
		{3DD9ED95-DCE2-4B63-9CBE-1E158ED8B785}.Release|iPhone.Build.0 = Release|Any CPU
		{3DD9ED95-DCE2-4B63-9CBE-1E158ED8B785}.Release|iPhoneSimulator.ActiveCfg = Release|Any CPU
		{3DD9ED95-DCE2-4B63-9CBE-1E158ED8B785}.Release|iPhoneSimulator.Build.0 = Release|Any CPU
		{6F7EA6FF-3876-489A-AF5A-DD19429D2905}.Ad-Hoc|Any CPU.ActiveCfg = Release|Any CPU
		{6F7EA6FF-3876-489A-AF5A-DD19429D2905}.Ad-Hoc|Any CPU.Build.0 = Release|Any CPU
		{6F7EA6FF-3876-489A-AF5A-DD19429D2905}.Ad-Hoc|iPhone.ActiveCfg = Release|Any CPU
		{6F7EA6FF-3876-489A-AF5A-DD19429D2905}.Ad-Hoc|iPhone.Build.0 = Release|Any CPU
		{6F7EA6FF-3876-489A-AF5A-DD19429D2905}.Ad-Hoc|iPhoneSimulator.ActiveCfg = Release|Any CPU
		{6F7EA6FF-3876-489A-AF5A-DD19429D2905}.Ad-Hoc|iPhoneSimulator.Build.0 = Release|Any CPU
		{6F7EA6FF-3876-489A-AF5A-DD19429D2905}.AppStore|Any CPU.ActiveCfg = Release|Any CPU
		{6F7EA6FF-3876-489A-AF5A-DD19429D2905}.AppStore|Any CPU.Build.0 = Release|Any CPU
		{6F7EA6FF-3876-489A-AF5A-DD19429D2905}.AppStore|iPhone.ActiveCfg = Release|Any CPU
		{6F7EA6FF-3876-489A-AF5A-DD19429D2905}.AppStore|iPhone.Build.0 = Release|Any CPU
		{6F7EA6FF-3876-489A-AF5A-DD19429D2905}.AppStore|iPhoneSimulator.ActiveCfg = Release|Any CPU
		{6F7EA6FF-3876-489A-AF5A-DD19429D2905}.AppStore|iPhoneSimulator.Build.0 = Release|Any CPU
		{6F7EA6FF-3876-489A-AF5A-DD19429D2905}.Debug|Any CPU.ActiveCfg = Debug|Any CPU
		{6F7EA6FF-3876-489A-AF5A-DD19429D2905}.Debug|Any CPU.Build.0 = Debug|Any CPU
		{6F7EA6FF-3876-489A-AF5A-DD19429D2905}.Debug|iPhone.ActiveCfg = Debug|Any CPU
		{6F7EA6FF-3876-489A-AF5A-DD19429D2905}.Debug|iPhone.Build.0 = Debug|Any CPU
		{6F7EA6FF-3876-489A-AF5A-DD19429D2905}.Debug|iPhoneSimulator.ActiveCfg = Debug|Any CPU
		{6F7EA6FF-3876-489A-AF5A-DD19429D2905}.Debug|iPhoneSimulator.Build.0 = Debug|Any CPU
		{6F7EA6FF-3876-489A-AF5A-DD19429D2905}.Release|Any CPU.ActiveCfg = Release|Any CPU
		{6F7EA6FF-3876-489A-AF5A-DD19429D2905}.Release|Any CPU.Build.0 = Release|Any CPU
		{6F7EA6FF-3876-489A-AF5A-DD19429D2905}.Release|iPhone.ActiveCfg = Release|Any CPU
		{6F7EA6FF-3876-489A-AF5A-DD19429D2905}.Release|iPhone.Build.0 = Release|Any CPU
		{6F7EA6FF-3876-489A-AF5A-DD19429D2905}.Release|iPhoneSimulator.ActiveCfg = Release|Any CPU
		{6F7EA6FF-3876-489A-AF5A-DD19429D2905}.Release|iPhoneSimulator.Build.0 = Release|Any CPU
		{0CA22DC8-E8B9-4708-A735-3AB44340F4A6}.Ad-Hoc|Any CPU.ActiveCfg = Release|Any CPU
		{0CA22DC8-E8B9-4708-A735-3AB44340F4A6}.Ad-Hoc|Any CPU.Build.0 = Release|Any CPU
		{0CA22DC8-E8B9-4708-A735-3AB44340F4A6}.Ad-Hoc|iPhone.ActiveCfg = Release|Any CPU
		{0CA22DC8-E8B9-4708-A735-3AB44340F4A6}.Ad-Hoc|iPhone.Build.0 = Release|Any CPU
		{0CA22DC8-E8B9-4708-A735-3AB44340F4A6}.Ad-Hoc|iPhoneSimulator.ActiveCfg = Release|Any CPU
		{0CA22DC8-E8B9-4708-A735-3AB44340F4A6}.Ad-Hoc|iPhoneSimulator.Build.0 = Release|Any CPU
		{0CA22DC8-E8B9-4708-A735-3AB44340F4A6}.AppStore|Any CPU.ActiveCfg = Release|Any CPU
		{0CA22DC8-E8B9-4708-A735-3AB44340F4A6}.AppStore|Any CPU.Build.0 = Release|Any CPU
		{0CA22DC8-E8B9-4708-A735-3AB44340F4A6}.AppStore|iPhone.ActiveCfg = Release|Any CPU
		{0CA22DC8-E8B9-4708-A735-3AB44340F4A6}.AppStore|iPhone.Build.0 = Release|Any CPU
		{0CA22DC8-E8B9-4708-A735-3AB44340F4A6}.AppStore|iPhoneSimulator.ActiveCfg = Release|Any CPU
		{0CA22DC8-E8B9-4708-A735-3AB44340F4A6}.AppStore|iPhoneSimulator.Build.0 = Release|Any CPU
		{0CA22DC8-E8B9-4708-A735-3AB44340F4A6}.Debug|Any CPU.ActiveCfg = Debug|Any CPU
		{0CA22DC8-E8B9-4708-A735-3AB44340F4A6}.Debug|Any CPU.Build.0 = Debug|Any CPU
		{0CA22DC8-E8B9-4708-A735-3AB44340F4A6}.Debug|iPhone.ActiveCfg = Debug|Any CPU
		{0CA22DC8-E8B9-4708-A735-3AB44340F4A6}.Debug|iPhone.Build.0 = Debug|Any CPU
		{0CA22DC8-E8B9-4708-A735-3AB44340F4A6}.Debug|iPhoneSimulator.ActiveCfg = Debug|Any CPU
		{0CA22DC8-E8B9-4708-A735-3AB44340F4A6}.Debug|iPhoneSimulator.Build.0 = Debug|Any CPU
		{0CA22DC8-E8B9-4708-A735-3AB44340F4A6}.Release|Any CPU.ActiveCfg = Release|Any CPU
		{0CA22DC8-E8B9-4708-A735-3AB44340F4A6}.Release|Any CPU.Build.0 = Release|Any CPU
		{0CA22DC8-E8B9-4708-A735-3AB44340F4A6}.Release|iPhone.ActiveCfg = Release|Any CPU
		{0CA22DC8-E8B9-4708-A735-3AB44340F4A6}.Release|iPhone.Build.0 = Release|Any CPU
		{0CA22DC8-E8B9-4708-A735-3AB44340F4A6}.Release|iPhoneSimulator.ActiveCfg = Release|Any CPU
		{0CA22DC8-E8B9-4708-A735-3AB44340F4A6}.Release|iPhoneSimulator.Build.0 = Release|Any CPU
		{8E031979-8F1A-4199-B5E9-098961ED5033}.Ad-Hoc|Any CPU.ActiveCfg = Release|Any CPU
		{8E031979-8F1A-4199-B5E9-098961ED5033}.Ad-Hoc|Any CPU.Build.0 = Release|Any CPU
		{8E031979-8F1A-4199-B5E9-098961ED5033}.Ad-Hoc|iPhone.ActiveCfg = Release|Any CPU
		{8E031979-8F1A-4199-B5E9-098961ED5033}.Ad-Hoc|iPhone.Build.0 = Release|Any CPU
		{8E031979-8F1A-4199-B5E9-098961ED5033}.Ad-Hoc|iPhoneSimulator.ActiveCfg = Release|Any CPU
		{8E031979-8F1A-4199-B5E9-098961ED5033}.Ad-Hoc|iPhoneSimulator.Build.0 = Release|Any CPU
		{8E031979-8F1A-4199-B5E9-098961ED5033}.AppStore|Any CPU.ActiveCfg = Release|Any CPU
		{8E031979-8F1A-4199-B5E9-098961ED5033}.AppStore|Any CPU.Build.0 = Release|Any CPU
		{8E031979-8F1A-4199-B5E9-098961ED5033}.AppStore|iPhone.ActiveCfg = Release|Any CPU
		{8E031979-8F1A-4199-B5E9-098961ED5033}.AppStore|iPhone.Build.0 = Release|Any CPU
		{8E031979-8F1A-4199-B5E9-098961ED5033}.AppStore|iPhoneSimulator.ActiveCfg = Release|Any CPU
		{8E031979-8F1A-4199-B5E9-098961ED5033}.AppStore|iPhoneSimulator.Build.0 = Release|Any CPU
		{8E031979-8F1A-4199-B5E9-098961ED5033}.Debug|Any CPU.ActiveCfg = Debug|Any CPU
		{8E031979-8F1A-4199-B5E9-098961ED5033}.Debug|Any CPU.Build.0 = Debug|Any CPU
		{8E031979-8F1A-4199-B5E9-098961ED5033}.Debug|iPhone.ActiveCfg = Debug|Any CPU
		{8E031979-8F1A-4199-B5E9-098961ED5033}.Debug|iPhone.Build.0 = Debug|Any CPU
		{8E031979-8F1A-4199-B5E9-098961ED5033}.Debug|iPhoneSimulator.ActiveCfg = Debug|Any CPU
		{8E031979-8F1A-4199-B5E9-098961ED5033}.Debug|iPhoneSimulator.Build.0 = Debug|Any CPU
		{8E031979-8F1A-4199-B5E9-098961ED5033}.Release|Any CPU.ActiveCfg = Release|Any CPU
		{8E031979-8F1A-4199-B5E9-098961ED5033}.Release|Any CPU.Build.0 = Release|Any CPU
		{8E031979-8F1A-4199-B5E9-098961ED5033}.Release|iPhone.ActiveCfg = Release|Any CPU
		{8E031979-8F1A-4199-B5E9-098961ED5033}.Release|iPhone.Build.0 = Release|Any CPU
		{8E031979-8F1A-4199-B5E9-098961ED5033}.Release|iPhoneSimulator.ActiveCfg = Release|Any CPU
		{8E031979-8F1A-4199-B5E9-098961ED5033}.Release|iPhoneSimulator.Build.0 = Release|Any CPU
	EndGlobalSection
	GlobalSection(SolutionProperties) = preSolution
		HideSolutionNode = FALSE
	EndGlobalSection
	GlobalSection(NestedProjects) = preSolution
		{80CD9772-8724-40D4-AC68-4148FBE05E82} = {AAC7BE50-98B2-42C9-BA48-6E6E7CBED5BF}
		{79C1349A-1EAF-467F-9290-DA7FAD5E49E5} = {AAC7BE50-98B2-42C9-BA48-6E6E7CBED5BF}
		{CDA41113-3731-4ABC-B2CC-1CD5736DE6DF} = {AAC7BE50-98B2-42C9-BA48-6E6E7CBED5BF}
		{8BA5C9B2-71C5-4F4A-A368-DEC60202C544} = {AAC7BE50-98B2-42C9-BA48-6E6E7CBED5BF}
		{62BCD9A0-7184-4BE1-B417-A6BFB2ADFAED} = {AAC7BE50-98B2-42C9-BA48-6E6E7CBED5BF}
		{DFC5D3B3-CBE7-4CCF-90C3-DE657ECAEBC1} = {62BCD9A0-7184-4BE1-B417-A6BFB2ADFAED}
		{3DD9ED95-DCE2-4B63-9CBE-1E158ED8B785} = {62BCD9A0-7184-4BE1-B417-A6BFB2ADFAED}
		{8E031979-8F1A-4199-B5E9-098961ED5033} = {62BCD9A0-7184-4BE1-B417-A6BFB2ADFAED}
	EndGlobalSection
	GlobalSection(ExtensibilityGlobals) = postSolution
		SolutionGuid = {37216AC6-0551-4B38-B6D8-486D840B20B9}
	EndGlobalSection
EndGlobal
